// !$*UTF8*$!
{
	archiveVersion = 1;
	classes = {
	};
	objectVersion = 46;
	objects = {

/* Begin PBXBuildFile section */
		4E5A27FA22CBDFBA7124C0AE /* libPods-Cardapio USPTests.a in Frameworks */ = {isa = PBXBuildFile; fileRef = 139F385B0D1D0460E44959F4 /* libPods-Cardapio USPTests.a */; };
		56C150BE3E8E7DF14A5D3690 /* libPods-Cardapio USP.a in Frameworks */ = {isa = PBXBuildFile; fileRef = 96D40057E3FADD7DCC98153D /* libPods-Cardapio USP.a */; };
		AD66F7CD1933B2E8005A31BE /* Menu.m in Sources */ = {isa = PBXBuildFile; fileRef = AD66F7CC1933B2E8005A31BE /* Menu.m */; };
		AD66F7D01933B3C4005A31BE /* Period.m in Sources */ = {isa = PBXBuildFile; fileRef = AD66F7CF1933B3C4005A31BE /* Period.m */; };
		AD66F7D91933C4A8005A31BE /* MenuStub.m in Sources */ = {isa = PBXBuildFile; fileRef = AD66F7D81933C4A8005A31BE /* MenuStub.m */; };
		ADB2DCB319374FCE0068417F /* Restaurant.m in Sources */ = {isa = PBXBuildFile; fileRef = ADB2DCB219374FCE0068417F /* Restaurant.m */; };
		ADB2DCB619374FE20068417F /* WeeklyPeriod.m in Sources */ = {isa = PBXBuildFile; fileRef = ADB2DCB519374FE20068417F /* WeeklyPeriod.m */; };
		ADB2DCB919375A550068417F /* Cash.m in Sources */ = {isa = PBXBuildFile; fileRef = ADB2DCB819375A550068417F /* Cash.m */; };
		ADB2DCBC19375F0E0068417F /* Items.m in Sources */ = {isa = PBXBuildFile; fileRef = ADB2DCBB19375F0E0068417F /* Items.m */; };
		BFAAC4751C217E37004F2700 /* LaunchImage.png in Resources */ = {isa = PBXBuildFile; fileRef = BFAAC4741C217E37004F2700 /* LaunchImage.png */; };
		BFAC6E7D192A54E100921494 /* Foundation.framework in Frameworks */ = {isa = PBXBuildFile; fileRef = BFAC6E7C192A54E100921494 /* Foundation.framework */; };
		BFAC6E7F192A54E100921494 /* CoreGraphics.framework in Frameworks */ = {isa = PBXBuildFile; fileRef = BFAC6E7E192A54E100921494 /* CoreGraphics.framework */; };
		BFAC6E81192A54E100921494 /* UIKit.framework in Frameworks */ = {isa = PBXBuildFile; fileRef = BFAC6E80192A54E100921494 /* UIKit.framework */; };
		BFAC6E89192A54E100921494 /* main.m in Sources */ = {isa = PBXBuildFile; fileRef = BFAC6E88192A54E100921494 /* main.m */; };
		BFAC6E8D192A54E100921494 /* AppDelegate.m in Sources */ = {isa = PBXBuildFile; fileRef = BFAC6E8C192A54E100921494 /* AppDelegate.m */; };
		BFAC6E90192A54E100921494 /* Main_iPhone.storyboard in Resources */ = {isa = PBXBuildFile; fileRef = BFAC6E8E192A54E100921494 /* Main_iPhone.storyboard */; };
		BFAC6E93192A54E100921494 /* Main_iPad.storyboard in Resources */ = {isa = PBXBuildFile; fileRef = BFAC6E91192A54E100921494 /* Main_iPad.storyboard */; };
		BFAC6E96192A54E100921494 /* MenuViewController.m in Sources */ = {isa = PBXBuildFile; fileRef = BFAC6E95192A54E100921494 /* MenuViewController.m */; };
		BFAC6E98192A54E100921494 /* Images.xcassets in Resources */ = {isa = PBXBuildFile; fileRef = BFAC6E97192A54E100921494 /* Images.xcassets */; };
		BFAC6E9F192A54E100921494 /* XCTest.framework in Frameworks */ = {isa = PBXBuildFile; fileRef = BFAC6E9E192A54E100921494 /* XCTest.framework */; };
		BFAC6EA0192A54E100921494 /* Foundation.framework in Frameworks */ = {isa = PBXBuildFile; fileRef = BFAC6E7C192A54E100921494 /* Foundation.framework */; };
		BFAC6EA1192A54E100921494 /* UIKit.framework in Frameworks */ = {isa = PBXBuildFile; fileRef = BFAC6E80192A54E100921494 /* UIKit.framework */; };
		BFAC6EA9192A54E100921494 /* InfoPlist.strings in Resources */ = {isa = PBXBuildFile; fileRef = BFAC6EA7192A54E100921494 /* InfoPlist.strings */; };
		BFAC6EAB192A54E100921494 /* Cardapio_USPTests.m in Sources */ = {isa = PBXBuildFile; fileRef = BFAC6EAA192A54E100921494 /* Cardapio_USPTests.m */; };
		BFAC6EB5192A566200921494 /* central.json in Resources */ = {isa = PBXBuildFile; fileRef = BFAC6EB4192A566200921494 /* central.json */; };
		BFAC6ECA192A586B00921494 /* RECommonFunctions.m in Sources */ = {isa = PBXBuildFile; fileRef = BFAC6EBF192A586B00921494 /* RECommonFunctions.m */; };
		BFAC6ECB192A586B00921494 /* REFrostedContainerViewController.m in Sources */ = {isa = PBXBuildFile; fileRef = BFAC6EC1192A586B00921494 /* REFrostedContainerViewController.m */; };
		BFAC6ECC192A586B00921494 /* REFrostedViewController.m in Sources */ = {isa = PBXBuildFile; fileRef = BFAC6EC3192A586B00921494 /* REFrostedViewController.m */; };
		BFAC6ECD192A586B00921494 /* UIImage+REFrostedViewController.m in Sources */ = {isa = PBXBuildFile; fileRef = BFAC6EC5192A586B00921494 /* UIImage+REFrostedViewController.m */; };
		BFAC6ECE192A586B00921494 /* UIView+REFrostedViewController.m in Sources */ = {isa = PBXBuildFile; fileRef = BFAC6EC7192A586B00921494 /* UIView+REFrostedViewController.m */; };
		BFAC6ECF192A586B00921494 /* UIViewController+REFrostedViewController.m in Sources */ = {isa = PBXBuildFile; fileRef = BFAC6EC9192A586B00921494 /* UIViewController+REFrostedViewController.m */; };
		BFAC6EDA192A587900921494 /* GTMNSString+HTML.m in Sources */ = {isa = PBXBuildFile; fileRef = BFAC6ED2192A587900921494 /* GTMNSString+HTML.m */; };
		BFAC6EDB192A587900921494 /* NSString+HTML.m in Sources */ = {isa = PBXBuildFile; fileRef = BFAC6ED4192A587900921494 /* NSString+HTML.m */; };
		BFAC6EE6192A71A000921494 /* InfoViewController.m in Sources */ = {isa = PBXBuildFile; fileRef = BFAC6EE5192A71A000921494 /* InfoViewController.m */; };
		BFAC6EEB192AB50F00921494 /* central.jpg in Resources */ = {isa = PBXBuildFile; fileRef = BFAC6EEA192AB50F00921494 /* central.jpg */; };
		BFAC6EED192AB98600921494 /* mapa.png in Resources */ = {isa = PBXBuildFile; fileRef = BFAC6EEC192AB98600921494 /* mapa.png */; };
		BFBE1E76192FB038004C403C /* restaurantes.json in Resources */ = {isa = PBXBuildFile; fileRef = BFBE1E75192FB038004C403C /* restaurantes.json */; };
		BFBE4D8D1A126003002EDADE /* central.plist in Resources */ = {isa = PBXBuildFile; fileRef = BFBE4D8C1A126003002EDADE /* central.plist */; };
		BFBE4D8F1A126797002EDADE /* restaurants_old.plist in Resources */ = {isa = PBXBuildFile; fileRef = BFBE4D8E1A126797002EDADE /* restaurants_old.plist */; };
		BFBE4D911A1276EF002EDADE /* restaurants_old.json in Resources */ = {isa = PBXBuildFile; fileRef = BFBE4D901A1276EF002EDADE /* restaurants_old.json */; };
		E90555B01E01D42F00B8516E /* OAuthUSP.m in Sources */ = {isa = PBXBuildFile; fileRef = E90555AD1E01D42F00B8516E /* OAuthUSP.m */; };
		E90555B11E01D42F00B8516E /* STIOauth.m in Sources */ = {isa = PBXBuildFile; fileRef = E90555AF1E01D42F00B8516E /* STIOauth.m */; };
		E90555B41E030EEA00B8516E /* BoletoDataModel.m in Sources */ = {isa = PBXBuildFile; fileRef = E90555B31E030EEA00B8516E /* BoletoDataModel.m */; };
		E90555B71E086AAF00B8516E /* CreditsNavigationViewController.m in Sources */ = {isa = PBXBuildFile; fileRef = E90555B61E086AAF00B8516E /* CreditsNavigationViewController.m */; };
		E90555BA1E099B6900B8516E /* BoletosPendentesTableViewController.m in Sources */ = {isa = PBXBuildFile; fileRef = E90555B91E099B6900B8516E /* BoletosPendentesTableViewController.m */; };
		E92D5EA41C19B32B00ECA5D1 /* Base64Transcoder.c in Sources */ = {isa = PBXBuildFile; fileRef = E92D5E941C19B32B00ECA5D1 /* Base64Transcoder.c */; };
		E92D5EA51C19B32B00ECA5D1 /* hmac.c in Sources */ = {isa = PBXBuildFile; fileRef = E92D5E961C19B32B00ECA5D1 /* hmac.c */; };
		E92D5EA61C19B32B00ECA5D1 /* sha1.c in Sources */ = {isa = PBXBuildFile; fileRef = E92D5E981C19B32B00ECA5D1 /* sha1.c */; };
		E92D5EA71C19B32B00ECA5D1 /* KeychainItemWrapper.m in Sources */ = {isa = PBXBuildFile; fileRef = E92D5E9B1C19B32B00ECA5D1 /* KeychainItemWrapper.m */; };
		E92D5EA91C19B32B00ECA5D1 /* NSString+URLEncoding.m in Sources */ = {isa = PBXBuildFile; fileRef = E92D5E9F1C19B32B00ECA5D1 /* NSString+URLEncoding.m */; };
		E92D5EAA1C19B32B00ECA5D1 /* OAuth1Controller.m in Sources */ = {isa = PBXBuildFile; fileRef = E92D5EA11C19B32B00ECA5D1 /* OAuth1Controller.m */; };
		E9387BED1DF5F024005BC821 /* LoginWebViewController.m in Sources */ = {isa = PBXBuildFile; fileRef = E9387BEC1DF5F024005BC821 /* LoginWebViewController.m */; };
		E9387BF31DF5F476005BC821 /* CreditsViewController.m in Sources */ = {isa = PBXBuildFile; fileRef = E9387BF21DF5F476005BC821 /* CreditsViewController.m */; };
		E9387BF91DF727C0005BC821 /* BoletoViewController.m in Sources */ = {isa = PBXBuildFile; fileRef = E9387BF81DF727C0005BC821 /* BoletoViewController.m */; };
		E9490C74262F54B5000A035B /* WebViewController.m in Sources */ = {isa = PBXBuildFile; fileRef = E9490C73262F54B5000A035B /* WebViewController.m */; };
		E9490C78262F5C10000A035B /* WebKit.framework in Frameworks */ = {isa = PBXBuildFile; fileRef = E9490C77262F5C0F000A035B /* WebKit.framework */; };
		E97B390C225556FE0070AC9B /* GoogleService-Info.plist in Resources */ = {isa = PBXBuildFile; fileRef = E97B390B225556FE0070AC9B /* GoogleService-Info.plist */; };
		E9818EC3198033A800F741B0 /* DKScrollingTabController.m in Sources */ = {isa = PBXBuildFile; fileRef = E9818EC2198033A800F741B0 /* DKScrollingTabController.m */; };
		E990FE6E262751F0005FF207 /* MainViewController.m in Sources */ = {isa = PBXBuildFile; fileRef = E990FE6D262751F0005FF207 /* MainViewController.m */; };
		E990FE7626279E41005FF207 /* CALayer+XibConfiguration.m in Sources */ = {isa = PBXBuildFile; fileRef = E990FE7526279E41005FF207 /* CALayer+XibConfiguration.m */; };
		E99837FD1E201B540065ED08 /* BoletoTableViewCell.m in Sources */ = {isa = PBXBuildFile; fileRef = E99837FC1E201B540065ED08 /* BoletoTableViewCell.m */; };
		E99838001E201B710065ED08 /* SwipeableCell.m in Sources */ = {isa = PBXBuildFile; fileRef = E99837FF1E201B710065ED08 /* SwipeableCell.m */; };
		E9B61B55260BA3E700A52672 /* CoreServices.framework in Frameworks */ = {isa = PBXBuildFile; fileRef = E9B61B54260BA3E700A52672 /* CoreServices.framework */; };
		E9BF538E2C947F49004ED570 /* MyMutableURLRequest.m in Sources */ = {isa = PBXBuildFile; fileRef = E9BF538D2C947F49004ED570 /* MyMutableURLRequest.m */; };
		E9CDD1BB1AD81E5100BB2E36 /* RestaurantsFilterController.m in Sources */ = {isa = PBXBuildFile; fileRef = E9CDD1BA1AD81E5100BB2E36 /* RestaurantsFilterController.m */; };
		E9CDD1CF1AD8682900BB2E36 /* SystemConfiguration.framework in Frameworks */ = {isa = PBXBuildFile; fileRef = E9CDD1CE1AD8682900BB2E36 /* SystemConfiguration.framework */; };
		E9CDD1D11AD86B6800BB2E36 /* Security.framework in Frameworks */ = {isa = PBXBuildFile; fileRef = E9CDD1D01AD86B6800BB2E36 /* Security.framework */; };
		E9CDD1E61AD86BFF00BB2E36 /* AFHTTPRequestOperation.m in Sources */ = {isa = PBXBuildFile; fileRef = E9CDD1D41AD86BFF00BB2E36 /* AFHTTPRequestOperation.m */; };
		E9CDD1E71AD86BFF00BB2E36 /* AFHTTPRequestOperationManager.m in Sources */ = {isa = PBXBuildFile; fileRef = E9CDD1D61AD86BFF00BB2E36 /* AFHTTPRequestOperationManager.m */; };
		E9CDD1E81AD86BFF00BB2E36 /* AFHTTPSessionManager.m in Sources */ = {isa = PBXBuildFile; fileRef = E9CDD1D81AD86BFF00BB2E36 /* AFHTTPSessionManager.m */; };
		E9CDD1E91AD86BFF00BB2E36 /* AFNetworkReachabilityManager.m in Sources */ = {isa = PBXBuildFile; fileRef = E9CDD1DB1AD86BFF00BB2E36 /* AFNetworkReachabilityManager.m */; };
		E9CDD1EA1AD86BFF00BB2E36 /* AFSecurityPolicy.m in Sources */ = {isa = PBXBuildFile; fileRef = E9CDD1DD1AD86BFF00BB2E36 /* AFSecurityPolicy.m */; };
		E9CDD1EB1AD86BFF00BB2E36 /* AFURLConnectionOperation.m in Sources */ = {isa = PBXBuildFile; fileRef = E9CDD1DF1AD86BFF00BB2E36 /* AFURLConnectionOperation.m */; };
		E9CDD1EC1AD86BFF00BB2E36 /* AFURLRequestSerialization.m in Sources */ = {isa = PBXBuildFile; fileRef = E9CDD1E11AD86BFF00BB2E36 /* AFURLRequestSerialization.m */; };
		E9CDD1ED1AD86BFF00BB2E36 /* AFURLResponseSerialization.m in Sources */ = {isa = PBXBuildFile; fileRef = E9CDD1E31AD86BFF00BB2E36 /* AFURLResponseSerialization.m */; };
		E9CDD1EE1AD86BFF00BB2E36 /* AFURLSessionManager.m in Sources */ = {isa = PBXBuildFile; fileRef = E9CDD1E51AD86BFF00BB2E36 /* AFURLSessionManager.m */; };
		E9D76F992909CF4600DCF59A /* PixViewController.m in Sources */ = {isa = PBXBuildFile; fileRef = E9D76F982909CF4600DCF59A /* PixViewController.m */; };
		E9D76F9E2910175B00DCF59A /* MyTextField.m in Sources */ = {isa = PBXBuildFile; fileRef = E9D76F9D2910175B00DCF59A /* MyTextField.m */; };
		E9DEA0231B4DC1FC00422524 /* restaurants.json in Resources */ = {isa = PBXBuildFile; fileRef = E9DEA0221B4DC1FC00422524 /* restaurants.json */; };
		E9DF35CF1B3DD306009B92B6 /* MapViewController.m in Sources */ = {isa = PBXBuildFile; fileRef = E9DF35CA1B3DD306009B92B6 /* MapViewController.m */; };
		E9DF35D01B3DD306009B92B6 /* PlaceAnnotation.m in Sources */ = {isa = PBXBuildFile; fileRef = E9DF35CC1B3DD306009B92B6 /* PlaceAnnotation.m */; };
		E9DF35D11B3DD306009B92B6 /* MDPinAnnotationView.m in Sources */ = {isa = PBXBuildFile; fileRef = E9DF35CE1B3DD306009B92B6 /* MDPinAnnotationView.m */; };
		E9E1843E1B792C1700637771 /* ImageCell.m in Sources */ = {isa = PBXBuildFile; fileRef = E9E1843D1B792C1700637771 /* ImageCell.m */; };
		E9E184411B7931D900637771 /* PreferredCell.m in Sources */ = {isa = PBXBuildFile; fileRef = E9E184401B7931D900637771 /* PreferredCell.m */; };
		E9E1B96F2C6F9B3E00CF51F6 /* PaddedLabel.m in Sources */ = {isa = PBXBuildFile; fileRef = E9E1B96E2C6F9B3E00CF51F6 /* PaddedLabel.m */; };
		E9E4BCD81B7BFBFC005633AD /* CarrierDataModel.m in Sources */ = {isa = PBXBuildFile; fileRef = E9E4BCD51B7BFBFC005633AD /* CarrierDataModel.m */; };
		E9E4BCD91B7BFBFC005633AD /* TelephoneUtils.m in Sources */ = {isa = PBXBuildFile; fileRef = E9E4BCD71B7BFBFC005633AD /* TelephoneUtils.m */; };
		E9E4BCDC1B7BFC33005633AD /* Settings.bundle in Resources */ = {isa = PBXBuildFile; fileRef = E9E4BCDB1B7BFC33005633AD /* Settings.bundle */; };
		E9E543661B84C3DC00BC81B8 /* Carriers.plist in Resources */ = {isa = PBXBuildFile; fileRef = E9E543651B84C3DC00BC81B8 /* Carriers.plist */; };
		E9E55FBB1B55933F00994BCB /* DetailCell.m in Sources */ = {isa = PBXBuildFile; fileRef = E9E55FBA1B55933F00994BCB /* DetailCell.m */; };
		E9E55FBE1B55944F00994BCB /* ThumbnailViewImageProxy.m in Sources */ = {isa = PBXBuildFile; fileRef = E9E55FBD1B55944F00994BCB /* ThumbnailViewImageProxy.m */; };
		E9E55FC11B55970E00994BCB /* RWLabel.m in Sources */ = {isa = PBXBuildFile; fileRef = E9E55FC01B55970E00994BCB /* RWLabel.m */; };
		E9E8C5A81B18C5710042DC81 /* fav.png in Resources */ = {isa = PBXBuildFile; fileRef = E9E8C5A71B18C5710042DC81 /* fav.png */; };
		E9E9B12F1B0E7CC6005BE8A1 /* DataAccess.m in Sources */ = {isa = PBXBuildFile; fileRef = E9E9B12E1B0E7CC6005BE8A1 /* DataAccess.m */; };
		E9E9B1321B0E7D1C005BE8A1 /* DataModel.m in Sources */ = {isa = PBXBuildFile; fileRef = E9E9B1311B0E7D1C005BE8A1 /* DataModel.m */; };
		E9F097691E007CD200C6A464 /* BoletoFormViewController.m in Sources */ = {isa = PBXBuildFile; fileRef = E9F097681E007CD200C6A464 /* BoletoFormViewController.m */; };
/* End PBXBuildFile section */

/* Begin PBXContainerItemProxy section */
		BFAC6EA2192A54E100921494 /* PBXContainerItemProxy */ = {
			isa = PBXContainerItemProxy;
			containerPortal = BFAC6E71192A54E100921494 /* Project object */;
			proxyType = 1;
			remoteGlobalIDString = BFAC6E78192A54E100921494;
			remoteInfo = "Cardapio USP";
		};
/* End PBXContainerItemProxy section */

/* Begin PBXFileReference section */
		139F385B0D1D0460E44959F4 /* libPods-Cardapio USPTests.a */ = {isa = PBXFileReference; explicitFileType = archive.ar; includeInIndex = 0; path = "libPods-Cardapio USPTests.a"; sourceTree = BUILT_PRODUCTS_DIR; };
		44BEDA2F17EC17B8BE66E9F5 /* Pods-Cardapio USPTests.debug.xcconfig */ = {isa = PBXFileReference; includeInIndex = 1; lastKnownFileType = text.xcconfig; name = "Pods-Cardapio USPTests.debug.xcconfig"; path = "Target Support Files/Pods-Cardapio USPTests/Pods-Cardapio USPTests.debug.xcconfig"; sourceTree = "<group>"; };
		49738C0A9EE8685EF1886E0C /* Pods-Cardapio USP.debug.xcconfig */ = {isa = PBXFileReference; includeInIndex = 1; lastKnownFileType = text.xcconfig; name = "Pods-Cardapio USP.debug.xcconfig"; path = "Target Support Files/Pods-Cardapio USP/Pods-Cardapio USP.debug.xcconfig"; sourceTree = "<group>"; };
		79727ED40BC6FB7E8DC61587 /* Pods-Cardapio USPTests.release.xcconfig */ = {isa = PBXFileReference; includeInIndex = 1; lastKnownFileType = text.xcconfig; name = "Pods-Cardapio USPTests.release.xcconfig"; path = "Target Support Files/Pods-Cardapio USPTests/Pods-Cardapio USPTests.release.xcconfig"; sourceTree = "<group>"; };
		96D40057E3FADD7DCC98153D /* libPods-Cardapio USP.a */ = {isa = PBXFileReference; explicitFileType = archive.ar; includeInIndex = 0; path = "libPods-Cardapio USP.a"; sourceTree = BUILT_PRODUCTS_DIR; };
		AD66F7CB1933B2E8005A31BE /* Menu.h */ = {isa = PBXFileReference; fileEncoding = 4; lastKnownFileType = sourcecode.c.h; path = Menu.h; sourceTree = "<group>"; };
		AD66F7CC1933B2E8005A31BE /* Menu.m */ = {isa = PBXFileReference; fileEncoding = 4; lastKnownFileType = sourcecode.c.objc; path = Menu.m; sourceTree = "<group>"; };
		AD66F7CE1933B3C4005A31BE /* Period.h */ = {isa = PBXFileReference; fileEncoding = 4; lastKnownFileType = sourcecode.c.h; path = Period.h; sourceTree = "<group>"; };
		AD66F7CF1933B3C4005A31BE /* Period.m */ = {isa = PBXFileReference; fileEncoding = 4; lastKnownFileType = sourcecode.c.objc; path = Period.m; sourceTree = "<group>"; };
		AD66F7D71933C4A8005A31BE /* MenuStub.h */ = {isa = PBXFileReference; fileEncoding = 4; lastKnownFileType = sourcecode.c.h; path = MenuStub.h; sourceTree = "<group>"; };
		AD66F7D81933C4A8005A31BE /* MenuStub.m */ = {isa = PBXFileReference; fileEncoding = 4; lastKnownFileType = sourcecode.c.objc; path = MenuStub.m; sourceTree = "<group>"; };
		ADB2DCB119374FCE0068417F /* Restaurant.h */ = {isa = PBXFileReference; fileEncoding = 4; lastKnownFileType = sourcecode.c.h; path = Restaurant.h; sourceTree = "<group>"; };
		ADB2DCB219374FCE0068417F /* Restaurant.m */ = {isa = PBXFileReference; fileEncoding = 4; lastKnownFileType = sourcecode.c.objc; path = Restaurant.m; sourceTree = "<group>"; };
		ADB2DCB419374FE20068417F /* WeeklyPeriod.h */ = {isa = PBXFileReference; fileEncoding = 4; lastKnownFileType = sourcecode.c.h; path = WeeklyPeriod.h; sourceTree = "<group>"; };
		ADB2DCB519374FE20068417F /* WeeklyPeriod.m */ = {isa = PBXFileReference; fileEncoding = 4; lastKnownFileType = sourcecode.c.objc; path = WeeklyPeriod.m; sourceTree = "<group>"; };
		ADB2DCB719375A550068417F /* Cash.h */ = {isa = PBXFileReference; fileEncoding = 4; lastKnownFileType = sourcecode.c.h; path = Cash.h; sourceTree = "<group>"; };
		ADB2DCB819375A550068417F /* Cash.m */ = {isa = PBXFileReference; fileEncoding = 4; lastKnownFileType = sourcecode.c.objc; path = Cash.m; sourceTree = "<group>"; };
		ADB2DCBA19375F0E0068417F /* Items.h */ = {isa = PBXFileReference; fileEncoding = 4; lastKnownFileType = sourcecode.c.h; path = Items.h; sourceTree = "<group>"; };
		ADB2DCBB19375F0E0068417F /* Items.m */ = {isa = PBXFileReference; fileEncoding = 4; lastKnownFileType = sourcecode.c.objc; path = Items.m; sourceTree = "<group>"; };
		BFAAC4741C217E37004F2700 /* LaunchImage.png */ = {isa = PBXFileReference; lastKnownFileType = image.png; path = LaunchImage.png; sourceTree = "<group>"; };
		BFAC6E79192A54E100921494 /* Cardapio USP.app */ = {isa = PBXFileReference; explicitFileType = wrapper.application; includeInIndex = 0; path = "Cardapio USP.app"; sourceTree = BUILT_PRODUCTS_DIR; };
		BFAC6E7C192A54E100921494 /* Foundation.framework */ = {isa = PBXFileReference; lastKnownFileType = wrapper.framework; name = Foundation.framework; path = System/Library/Frameworks/Foundation.framework; sourceTree = SDKROOT; };
		BFAC6E7E192A54E100921494 /* CoreGraphics.framework */ = {isa = PBXFileReference; lastKnownFileType = wrapper.framework; name = CoreGraphics.framework; path = System/Library/Frameworks/CoreGraphics.framework; sourceTree = SDKROOT; };
		BFAC6E80192A54E100921494 /* UIKit.framework */ = {isa = PBXFileReference; lastKnownFileType = wrapper.framework; name = UIKit.framework; path = System/Library/Frameworks/UIKit.framework; sourceTree = SDKROOT; };
		BFAC6E84192A54E100921494 /* Cardapio USP-Info.plist */ = {isa = PBXFileReference; lastKnownFileType = text.plist.xml; path = "Cardapio USP-Info.plist"; sourceTree = "<group>"; };
		BFAC6E88192A54E100921494 /* main.m */ = {isa = PBXFileReference; lastKnownFileType = sourcecode.c.objc; path = main.m; sourceTree = "<group>"; };
		BFAC6E8A192A54E100921494 /* Cardapio USP-Prefix.pch */ = {isa = PBXFileReference; lastKnownFileType = sourcecode.c.h; path = "Cardapio USP-Prefix.pch"; sourceTree = "<group>"; };
		BFAC6E8B192A54E100921494 /* AppDelegate.h */ = {isa = PBXFileReference; lastKnownFileType = sourcecode.c.h; path = AppDelegate.h; sourceTree = "<group>"; };
		BFAC6E8C192A54E100921494 /* AppDelegate.m */ = {isa = PBXFileReference; lastKnownFileType = sourcecode.c.objc; path = AppDelegate.m; sourceTree = "<group>"; };
		BFAC6E8F192A54E100921494 /* Base */ = {isa = PBXFileReference; lastKnownFileType = file.storyboard; name = Base; path = Base.lproj/Main_iPhone.storyboard; sourceTree = "<group>"; };
		BFAC6E92192A54E100921494 /* Base */ = {isa = PBXFileReference; lastKnownFileType = file.storyboard; name = Base; path = Base.lproj/Main_iPad.storyboard; sourceTree = "<group>"; };
		BFAC6E94192A54E100921494 /* MenuViewController.h */ = {isa = PBXFileReference; lastKnownFileType = sourcecode.c.h; path = MenuViewController.h; sourceTree = "<group>"; };
		BFAC6E95192A54E100921494 /* MenuViewController.m */ = {isa = PBXFileReference; lastKnownFileType = sourcecode.c.objc; path = MenuViewController.m; sourceTree = "<group>"; };
		BFAC6E97192A54E100921494 /* Images.xcassets */ = {isa = PBXFileReference; lastKnownFileType = folder.assetcatalog; path = Images.xcassets; sourceTree = "<group>"; };
		BFAC6E9D192A54E100921494 /* Cardapio USPTests.xctest */ = {isa = PBXFileReference; explicitFileType = wrapper.cfbundle; includeInIndex = 0; path = "Cardapio USPTests.xctest"; sourceTree = BUILT_PRODUCTS_DIR; };
		BFAC6E9E192A54E100921494 /* XCTest.framework */ = {isa = PBXFileReference; lastKnownFileType = wrapper.framework; name = XCTest.framework; path = Library/Frameworks/XCTest.framework; sourceTree = DEVELOPER_DIR; };
		BFAC6EA6192A54E100921494 /* Cardapio USPTests-Info.plist */ = {isa = PBXFileReference; lastKnownFileType = text.plist.xml; path = "Cardapio USPTests-Info.plist"; sourceTree = "<group>"; };
		BFAC6EA8192A54E100921494 /* en */ = {isa = PBXFileReference; lastKnownFileType = text.plist.strings; name = en; path = en.lproj/InfoPlist.strings; sourceTree = "<group>"; };
		BFAC6EAA192A54E100921494 /* Cardapio_USPTests.m */ = {isa = PBXFileReference; lastKnownFileType = sourcecode.c.objc; path = Cardapio_USPTests.m; sourceTree = "<group>"; };
		BFAC6EB4192A566200921494 /* central.json */ = {isa = PBXFileReference; fileEncoding = 4; lastKnownFileType = text.json; lineEnding = 0; path = central.json; sourceTree = "<group>"; xcLanguageSpecificationIdentifier = xcode.lang.javascript; };
		BFAC6EBE192A586B00921494 /* RECommonFunctions.h */ = {isa = PBXFileReference; fileEncoding = 4; lastKnownFileType = sourcecode.c.h; path = RECommonFunctions.h; sourceTree = "<group>"; };
		BFAC6EBF192A586B00921494 /* RECommonFunctions.m */ = {isa = PBXFileReference; fileEncoding = 4; lastKnownFileType = sourcecode.c.objc; path = RECommonFunctions.m; sourceTree = "<group>"; };
		BFAC6EC0192A586B00921494 /* REFrostedContainerViewController.h */ = {isa = PBXFileReference; fileEncoding = 4; lastKnownFileType = sourcecode.c.h; path = REFrostedContainerViewController.h; sourceTree = "<group>"; };
		BFAC6EC1192A586B00921494 /* REFrostedContainerViewController.m */ = {isa = PBXFileReference; fileEncoding = 4; lastKnownFileType = sourcecode.c.objc; path = REFrostedContainerViewController.m; sourceTree = "<group>"; };
		BFAC6EC2192A586B00921494 /* REFrostedViewController.h */ = {isa = PBXFileReference; fileEncoding = 4; lastKnownFileType = sourcecode.c.h; path = REFrostedViewController.h; sourceTree = "<group>"; };
		BFAC6EC3192A586B00921494 /* REFrostedViewController.m */ = {isa = PBXFileReference; fileEncoding = 4; lastKnownFileType = sourcecode.c.objc; path = REFrostedViewController.m; sourceTree = "<group>"; };
		BFAC6EC4192A586B00921494 /* UIImage+REFrostedViewController.h */ = {isa = PBXFileReference; fileEncoding = 4; lastKnownFileType = sourcecode.c.h; path = "UIImage+REFrostedViewController.h"; sourceTree = "<group>"; };
		BFAC6EC5192A586B00921494 /* UIImage+REFrostedViewController.m */ = {isa = PBXFileReference; fileEncoding = 4; lastKnownFileType = sourcecode.c.objc; path = "UIImage+REFrostedViewController.m"; sourceTree = "<group>"; };
		BFAC6EC6192A586B00921494 /* UIView+REFrostedViewController.h */ = {isa = PBXFileReference; fileEncoding = 4; lastKnownFileType = sourcecode.c.h; path = "UIView+REFrostedViewController.h"; sourceTree = "<group>"; };
		BFAC6EC7192A586B00921494 /* UIView+REFrostedViewController.m */ = {isa = PBXFileReference; fileEncoding = 4; lastKnownFileType = sourcecode.c.objc; path = "UIView+REFrostedViewController.m"; sourceTree = "<group>"; };
		BFAC6EC8192A586B00921494 /* UIViewController+REFrostedViewController.h */ = {isa = PBXFileReference; fileEncoding = 4; lastKnownFileType = sourcecode.c.h; path = "UIViewController+REFrostedViewController.h"; sourceTree = "<group>"; };
		BFAC6EC9192A586B00921494 /* UIViewController+REFrostedViewController.m */ = {isa = PBXFileReference; fileEncoding = 4; lastKnownFileType = sourcecode.c.objc; path = "UIViewController+REFrostedViewController.m"; sourceTree = "<group>"; };
		BFAC6ED1192A587900921494 /* GTMNSString+HTML.h */ = {isa = PBXFileReference; fileEncoding = 4; lastKnownFileType = sourcecode.c.h; path = "GTMNSString+HTML.h"; sourceTree = "<group>"; };
		BFAC6ED2192A587900921494 /* GTMNSString+HTML.m */ = {isa = PBXFileReference; fileEncoding = 4; lastKnownFileType = sourcecode.c.objc; path = "GTMNSString+HTML.m"; sourceTree = "<group>"; };
		BFAC6ED3192A587900921494 /* NSString+HTML.h */ = {isa = PBXFileReference; fileEncoding = 4; lastKnownFileType = sourcecode.c.h; path = "NSString+HTML.h"; sourceTree = "<group>"; };
		BFAC6ED4192A587900921494 /* NSString+HTML.m */ = {isa = PBXFileReference; fileEncoding = 4; lastKnownFileType = sourcecode.c.objc; path = "NSString+HTML.m"; sourceTree = "<group>"; };
		BFAC6EE4192A71A000921494 /* InfoViewController.h */ = {isa = PBXFileReference; fileEncoding = 4; lastKnownFileType = sourcecode.c.h; path = InfoViewController.h; sourceTree = "<group>"; };
		BFAC6EE5192A71A000921494 /* InfoViewController.m */ = {isa = PBXFileReference; fileEncoding = 4; lastKnownFileType = sourcecode.c.objc; path = InfoViewController.m; sourceTree = "<group>"; };
		BFAC6EEA192AB50F00921494 /* central.jpg */ = {isa = PBXFileReference; lastKnownFileType = image.jpeg; path = central.jpg; sourceTree = "<group>"; };
		BFAC6EEC192AB98600921494 /* mapa.png */ = {isa = PBXFileReference; lastKnownFileType = image.png; path = mapa.png; sourceTree = "<group>"; };
		BFBE1E75192FB038004C403C /* restaurantes.json */ = {isa = PBXFileReference; fileEncoding = 4; lastKnownFileType = text.json; path = restaurantes.json; sourceTree = "<group>"; };
		BFBE4D8C1A126003002EDADE /* central.plist */ = {isa = PBXFileReference; fileEncoding = 4; lastKnownFileType = text.plist.xml; path = central.plist; sourceTree = "<group>"; };
		BFBE4D8E1A126797002EDADE /* restaurants_old.plist */ = {isa = PBXFileReference; fileEncoding = 4; lastKnownFileType = text.plist.xml; path = restaurants_old.plist; sourceTree = "<group>"; };
		BFBE4D901A1276EF002EDADE /* restaurants_old.json */ = {isa = PBXFileReference; fileEncoding = 4; lastKnownFileType = text.json; path = restaurants_old.json; sourceTree = "<group>"; };
		D181144EAFC6742001652012 /* Pods-Cardapio USP.release.xcconfig */ = {isa = PBXFileReference; includeInIndex = 1; lastKnownFileType = text.xcconfig; name = "Pods-Cardapio USP.release.xcconfig"; path = "Target Support Files/Pods-Cardapio USP/Pods-Cardapio USP.release.xcconfig"; sourceTree = "<group>"; };
		E90555AC1E01D42F00B8516E /* OAuthUSP.h */ = {isa = PBXFileReference; fileEncoding = 4; lastKnownFileType = sourcecode.c.h; path = OAuthUSP.h; sourceTree = "<group>"; };
		E90555AD1E01D42F00B8516E /* OAuthUSP.m */ = {isa = PBXFileReference; fileEncoding = 4; lastKnownFileType = sourcecode.c.objc; path = OAuthUSP.m; sourceTree = "<group>"; };
		E90555AE1E01D42F00B8516E /* STIOauth.h */ = {isa = PBXFileReference; fileEncoding = 4; lastKnownFileType = sourcecode.c.h; path = STIOauth.h; sourceTree = "<group>"; };
		E90555AF1E01D42F00B8516E /* STIOauth.m */ = {isa = PBXFileReference; fileEncoding = 4; lastKnownFileType = sourcecode.c.objc; path = STIOauth.m; sourceTree = "<group>"; };
		E90555B21E030EEA00B8516E /* BoletoDataModel.h */ = {isa = PBXFileReference; fileEncoding = 4; lastKnownFileType = sourcecode.c.h; path = BoletoDataModel.h; sourceTree = "<group>"; };
		E90555B31E030EEA00B8516E /* BoletoDataModel.m */ = {isa = PBXFileReference; fileEncoding = 4; lastKnownFileType = sourcecode.c.objc; path = BoletoDataModel.m; sourceTree = "<group>"; };
		E90555B51E086AAF00B8516E /* CreditsNavigationViewController.h */ = {isa = PBXFileReference; fileEncoding = 4; lastKnownFileType = sourcecode.c.h; path = CreditsNavigationViewController.h; sourceTree = "<group>"; };
		E90555B61E086AAF00B8516E /* CreditsNavigationViewController.m */ = {isa = PBXFileReference; fileEncoding = 4; lastKnownFileType = sourcecode.c.objc; path = CreditsNavigationViewController.m; sourceTree = "<group>"; };
		E90555B81E099B6900B8516E /* BoletosPendentesTableViewController.h */ = {isa = PBXFileReference; fileEncoding = 4; lastKnownFileType = sourcecode.c.h; path = BoletosPendentesTableViewController.h; sourceTree = "<group>"; };
		E90555B91E099B6900B8516E /* BoletosPendentesTableViewController.m */ = {isa = PBXFileReference; fileEncoding = 4; lastKnownFileType = sourcecode.c.objc; path = BoletosPendentesTableViewController.m; sourceTree = "<group>"; };
		E92D5E941C19B32B00ECA5D1 /* Base64Transcoder.c */ = {isa = PBXFileReference; fileEncoding = 4; lastKnownFileType = sourcecode.c.c; path = Base64Transcoder.c; sourceTree = "<group>"; };
		E92D5E951C19B32B00ECA5D1 /* Base64Transcoder.h */ = {isa = PBXFileReference; fileEncoding = 4; lastKnownFileType = sourcecode.c.h; path = Base64Transcoder.h; sourceTree = "<group>"; };
		E92D5E961C19B32B00ECA5D1 /* hmac.c */ = {isa = PBXFileReference; fileEncoding = 4; lastKnownFileType = sourcecode.c.c; path = hmac.c; sourceTree = "<group>"; };
		E92D5E971C19B32B00ECA5D1 /* hmac.h */ = {isa = PBXFileReference; fileEncoding = 4; lastKnownFileType = sourcecode.c.h; path = hmac.h; sourceTree = "<group>"; };
		E92D5E981C19B32B00ECA5D1 /* sha1.c */ = {isa = PBXFileReference; fileEncoding = 4; lastKnownFileType = sourcecode.c.c; path = sha1.c; sourceTree = "<group>"; };
		E92D5E991C19B32B00ECA5D1 /* sha1.h */ = {isa = PBXFileReference; fileEncoding = 4; lastKnownFileType = sourcecode.c.h; path = sha1.h; sourceTree = "<group>"; };
		E92D5E9A1C19B32B00ECA5D1 /* KeychainItemWrapper.h */ = {isa = PBXFileReference; fileEncoding = 4; lastKnownFileType = sourcecode.c.h; path = KeychainItemWrapper.h; sourceTree = "<group>"; };
		E92D5E9B1C19B32B00ECA5D1 /* KeychainItemWrapper.m */ = {isa = PBXFileReference; fileEncoding = 4; lastKnownFileType = sourcecode.c.objc; path = KeychainItemWrapper.m; sourceTree = "<group>"; };
		E92D5E9E1C19B32B00ECA5D1 /* NSString+URLEncoding.h */ = {isa = PBXFileReference; fileEncoding = 4; lastKnownFileType = sourcecode.c.h; path = "NSString+URLEncoding.h"; sourceTree = "<group>"; };
		E92D5E9F1C19B32B00ECA5D1 /* NSString+URLEncoding.m */ = {isa = PBXFileReference; fileEncoding = 4; lastKnownFileType = sourcecode.c.objc; path = "NSString+URLEncoding.m"; sourceTree = "<group>"; };
		E92D5EA01C19B32B00ECA5D1 /* OAuth1Controller.h */ = {isa = PBXFileReference; fileEncoding = 4; lastKnownFileType = sourcecode.c.h; path = OAuth1Controller.h; sourceTree = "<group>"; };
		E92D5EA11C19B32B00ECA5D1 /* OAuth1Controller.m */ = {isa = PBXFileReference; fileEncoding = 4; lastKnownFileType = sourcecode.c.objc; path = OAuth1Controller.m; sourceTree = "<group>"; };
		E9387BEB1DF5F024005BC821 /* LoginWebViewController.h */ = {isa = PBXFileReference; fileEncoding = 4; lastKnownFileType = sourcecode.c.h; path = LoginWebViewController.h; sourceTree = "<group>"; };
		E9387BEC1DF5F024005BC821 /* LoginWebViewController.m */ = {isa = PBXFileReference; fileEncoding = 4; lastKnownFileType = sourcecode.c.objc; path = LoginWebViewController.m; sourceTree = "<group>"; };
		E9387BF11DF5F476005BC821 /* CreditsViewController.h */ = {isa = PBXFileReference; fileEncoding = 4; lastKnownFileType = sourcecode.c.h; name = CreditsViewController.h; path = ../CreditsViewController.h; sourceTree = "<group>"; };
		E9387BF21DF5F476005BC821 /* CreditsViewController.m */ = {isa = PBXFileReference; fileEncoding = 4; lastKnownFileType = sourcecode.c.objc; name = CreditsViewController.m; path = ../CreditsViewController.m; sourceTree = "<group>"; };
		E9387BF71DF727C0005BC821 /* BoletoViewController.h */ = {isa = PBXFileReference; fileEncoding = 4; lastKnownFileType = sourcecode.c.h; path = BoletoViewController.h; sourceTree = "<group>"; };
		E9387BF81DF727C0005BC821 /* BoletoViewController.m */ = {isa = PBXFileReference; fileEncoding = 4; lastKnownFileType = sourcecode.c.objc; path = BoletoViewController.m; sourceTree = "<group>"; };
		E9490C72262F54B5000A035B /* WebViewController.h */ = {isa = PBXFileReference; lastKnownFileType = sourcecode.c.h; path = WebViewController.h; sourceTree = "<group>"; };
		E9490C73262F54B5000A035B /* WebViewController.m */ = {isa = PBXFileReference; lastKnownFileType = sourcecode.c.objc; path = WebViewController.m; sourceTree = "<group>"; };
		E9490C77262F5C0F000A035B /* WebKit.framework */ = {isa = PBXFileReference; lastKnownFileType = wrapper.framework; name = WebKit.framework; path = System/Library/Frameworks/WebKit.framework; sourceTree = SDKROOT; };
		E97B390B225556FE0070AC9B /* GoogleService-Info.plist */ = {isa = PBXFileReference; fileEncoding = 4; lastKnownFileType = text.plist.xml; path = "GoogleService-Info.plist"; sourceTree = "<group>"; };
		E9818EC1198033A800F741B0 /* DKScrollingTabController.h */ = {isa = PBXFileReference; fileEncoding = 4; lastKnownFileType = sourcecode.c.h; path = DKScrollingTabController.h; sourceTree = "<group>"; };
		E9818EC2198033A800F741B0 /* DKScrollingTabController.m */ = {isa = PBXFileReference; fileEncoding = 4; lastKnownFileType = sourcecode.c.objc; path = DKScrollingTabController.m; sourceTree = "<group>"; };
		E990FE6C262751F0005FF207 /* MainViewController.h */ = {isa = PBXFileReference; lastKnownFileType = sourcecode.c.h; path = MainViewController.h; sourceTree = "<group>"; };
		E990FE6D262751F0005FF207 /* MainViewController.m */ = {isa = PBXFileReference; lastKnownFileType = sourcecode.c.objc; path = MainViewController.m; sourceTree = "<group>"; };
		E990FE7426279E41005FF207 /* CALayer+XibConfiguration.h */ = {isa = PBXFileReference; lastKnownFileType = sourcecode.c.h; path = "CALayer+XibConfiguration.h"; sourceTree = "<group>"; };
		E990FE7526279E41005FF207 /* CALayer+XibConfiguration.m */ = {isa = PBXFileReference; lastKnownFileType = sourcecode.c.objc; path = "CALayer+XibConfiguration.m"; sourceTree = "<group>"; };
		E99837FB1E201B540065ED08 /* BoletoTableViewCell.h */ = {isa = PBXFileReference; fileEncoding = 4; lastKnownFileType = sourcecode.c.h; path = BoletoTableViewCell.h; sourceTree = "<group>"; };
		E99837FC1E201B540065ED08 /* BoletoTableViewCell.m */ = {isa = PBXFileReference; fileEncoding = 4; lastKnownFileType = sourcecode.c.objc; path = BoletoTableViewCell.m; sourceTree = "<group>"; };
		E99837FE1E201B710065ED08 /* SwipeableCell.h */ = {isa = PBXFileReference; fileEncoding = 4; lastKnownFileType = sourcecode.c.h; path = SwipeableCell.h; sourceTree = "<group>"; };
		E99837FF1E201B710065ED08 /* SwipeableCell.m */ = {isa = PBXFileReference; fileEncoding = 4; lastKnownFileType = sourcecode.c.objc; path = SwipeableCell.m; sourceTree = "<group>"; };
		E998B8422551D9800028B3C5 /* libFirebaseCore.a */ = {isa = PBXFileReference; explicitFileType = archive.ar; path = libFirebaseCore.a; sourceTree = BUILT_PRODUCTS_DIR; };
		E9B61B54260BA3E700A52672 /* CoreServices.framework */ = {isa = PBXFileReference; lastKnownFileType = wrapper.framework; name = CoreServices.framework; path = System/Library/Frameworks/CoreServices.framework; sourceTree = SDKROOT; };
		E9BF538C2C947F48004ED570 /* MyMutableURLRequest.h */ = {isa = PBXFileReference; fileEncoding = 4; lastKnownFileType = sourcecode.c.h; path = MyMutableURLRequest.h; sourceTree = "<group>"; };
		E9BF538D2C947F49004ED570 /* MyMutableURLRequest.m */ = {isa = PBXFileReference; fileEncoding = 4; lastKnownFileType = sourcecode.c.objc; path = MyMutableURLRequest.m; sourceTree = "<group>"; };
		E9CDD1B91AD81E5100BB2E36 /* RestaurantsFilterController.h */ = {isa = PBXFileReference; fileEncoding = 4; lastKnownFileType = sourcecode.c.h; path = RestaurantsFilterController.h; sourceTree = "<group>"; };
		E9CDD1BA1AD81E5100BB2E36 /* RestaurantsFilterController.m */ = {isa = PBXFileReference; fileEncoding = 4; lastKnownFileType = sourcecode.c.objc; path = RestaurantsFilterController.m; sourceTree = "<group>"; };
		E9CDD1CC1AD8681800BB2E36 /* MobileCoreServices.framework */ = {isa = PBXFileReference; lastKnownFileType = wrapper.framework; name = MobileCoreServices.framework; path = System/Library/Frameworks/MobileCoreServices.framework; sourceTree = SDKROOT; };
		E9CDD1CE1AD8682900BB2E36 /* SystemConfiguration.framework */ = {isa = PBXFileReference; lastKnownFileType = wrapper.framework; name = SystemConfiguration.framework; path = System/Library/Frameworks/SystemConfiguration.framework; sourceTree = SDKROOT; };
		E9CDD1D01AD86B6800BB2E36 /* Security.framework */ = {isa = PBXFileReference; lastKnownFileType = wrapper.framework; name = Security.framework; path = System/Library/Frameworks/Security.framework; sourceTree = SDKROOT; };
		E9CDD1D31AD86BFF00BB2E36 /* AFHTTPRequestOperation.h */ = {isa = PBXFileReference; fileEncoding = 4; lastKnownFileType = sourcecode.c.h; path = AFHTTPRequestOperation.h; sourceTree = "<group>"; };
		E9CDD1D41AD86BFF00BB2E36 /* AFHTTPRequestOperation.m */ = {isa = PBXFileReference; fileEncoding = 4; lastKnownFileType = sourcecode.c.objc; path = AFHTTPRequestOperation.m; sourceTree = "<group>"; };
		E9CDD1D51AD86BFF00BB2E36 /* AFHTTPRequestOperationManager.h */ = {isa = PBXFileReference; fileEncoding = 4; lastKnownFileType = sourcecode.c.h; path = AFHTTPRequestOperationManager.h; sourceTree = "<group>"; };
		E9CDD1D61AD86BFF00BB2E36 /* AFHTTPRequestOperationManager.m */ = {isa = PBXFileReference; fileEncoding = 4; lastKnownFileType = sourcecode.c.objc; path = AFHTTPRequestOperationManager.m; sourceTree = "<group>"; };
		E9CDD1D71AD86BFF00BB2E36 /* AFHTTPSessionManager.h */ = {isa = PBXFileReference; fileEncoding = 4; lastKnownFileType = sourcecode.c.h; path = AFHTTPSessionManager.h; sourceTree = "<group>"; };
		E9CDD1D81AD86BFF00BB2E36 /* AFHTTPSessionManager.m */ = {isa = PBXFileReference; fileEncoding = 4; lastKnownFileType = sourcecode.c.objc; path = AFHTTPSessionManager.m; sourceTree = "<group>"; };
		E9CDD1D91AD86BFF00BB2E36 /* AFNetworking.h */ = {isa = PBXFileReference; fileEncoding = 4; lastKnownFileType = sourcecode.c.h; path = AFNetworking.h; sourceTree = "<group>"; };
		E9CDD1DA1AD86BFF00BB2E36 /* AFNetworkReachabilityManager.h */ = {isa = PBXFileReference; fileEncoding = 4; lastKnownFileType = sourcecode.c.h; path = AFNetworkReachabilityManager.h; sourceTree = "<group>"; };
		E9CDD1DB1AD86BFF00BB2E36 /* AFNetworkReachabilityManager.m */ = {isa = PBXFileReference; fileEncoding = 4; lastKnownFileType = sourcecode.c.objc; path = AFNetworkReachabilityManager.m; sourceTree = "<group>"; };
		E9CDD1DC1AD86BFF00BB2E36 /* AFSecurityPolicy.h */ = {isa = PBXFileReference; fileEncoding = 4; lastKnownFileType = sourcecode.c.h; path = AFSecurityPolicy.h; sourceTree = "<group>"; };
		E9CDD1DD1AD86BFF00BB2E36 /* AFSecurityPolicy.m */ = {isa = PBXFileReference; fileEncoding = 4; lastKnownFileType = sourcecode.c.objc; path = AFSecurityPolicy.m; sourceTree = "<group>"; };
		E9CDD1DE1AD86BFF00BB2E36 /* AFURLConnectionOperation.h */ = {isa = PBXFileReference; fileEncoding = 4; lastKnownFileType = sourcecode.c.h; path = AFURLConnectionOperation.h; sourceTree = "<group>"; };
		E9CDD1DF1AD86BFF00BB2E36 /* AFURLConnectionOperation.m */ = {isa = PBXFileReference; fileEncoding = 4; lastKnownFileType = sourcecode.c.objc; path = AFURLConnectionOperation.m; sourceTree = "<group>"; };
		E9CDD1E01AD86BFF00BB2E36 /* AFURLRequestSerialization.h */ = {isa = PBXFileReference; fileEncoding = 4; lastKnownFileType = sourcecode.c.h; path = AFURLRequestSerialization.h; sourceTree = "<group>"; };
		E9CDD1E11AD86BFF00BB2E36 /* AFURLRequestSerialization.m */ = {isa = PBXFileReference; fileEncoding = 4; lastKnownFileType = sourcecode.c.objc; path = AFURLRequestSerialization.m; sourceTree = "<group>"; };
		E9CDD1E21AD86BFF00BB2E36 /* AFURLResponseSerialization.h */ = {isa = PBXFileReference; fileEncoding = 4; lastKnownFileType = sourcecode.c.h; path = AFURLResponseSerialization.h; sourceTree = "<group>"; };
		E9CDD1E31AD86BFF00BB2E36 /* AFURLResponseSerialization.m */ = {isa = PBXFileReference; fileEncoding = 4; lastKnownFileType = sourcecode.c.objc; path = AFURLResponseSerialization.m; sourceTree = "<group>"; };
		E9CDD1E41AD86BFF00BB2E36 /* AFURLSessionManager.h */ = {isa = PBXFileReference; fileEncoding = 4; lastKnownFileType = sourcecode.c.h; path = AFURLSessionManager.h; sourceTree = "<group>"; };
		E9CDD1E51AD86BFF00BB2E36 /* AFURLSessionManager.m */ = {isa = PBXFileReference; fileEncoding = 4; lastKnownFileType = sourcecode.c.objc; path = AFURLSessionManager.m; sourceTree = "<group>"; };
		E9D76F972909CF4600DCF59A /* PixViewController.h */ = {isa = PBXFileReference; lastKnownFileType = sourcecode.c.h; path = PixViewController.h; sourceTree = "<group>"; };
		E9D76F982909CF4600DCF59A /* PixViewController.m */ = {isa = PBXFileReference; lastKnownFileType = sourcecode.c.objc; path = PixViewController.m; sourceTree = "<group>"; };
		E9D76F9C2910175B00DCF59A /* MyTextField.h */ = {isa = PBXFileReference; lastKnownFileType = sourcecode.c.h; path = MyTextField.h; sourceTree = "<group>"; };
		E9D76F9D2910175B00DCF59A /* MyTextField.m */ = {isa = PBXFileReference; lastKnownFileType = sourcecode.c.objc; path = MyTextField.m; sourceTree = "<group>"; };
		E9DEA0221B4DC1FC00422524 /* restaurants.json */ = {isa = PBXFileReference; fileEncoding = 4; lastKnownFileType = text.json; path = restaurants.json; sourceTree = "<group>"; };
		E9DF35C91B3DD306009B92B6 /* MapViewController.h */ = {isa = PBXFileReference; fileEncoding = 4; lastKnownFileType = sourcecode.c.h; path = MapViewController.h; sourceTree = "<group>"; };
		E9DF35CA1B3DD306009B92B6 /* MapViewController.m */ = {isa = PBXFileReference; fileEncoding = 4; lastKnownFileType = sourcecode.c.objc; path = MapViewController.m; sourceTree = "<group>"; };
		E9DF35CB1B3DD306009B92B6 /* PlaceAnnotation.h */ = {isa = PBXFileReference; fileEncoding = 4; lastKnownFileType = sourcecode.c.h; path = PlaceAnnotation.h; sourceTree = "<group>"; };
		E9DF35CC1B3DD306009B92B6 /* PlaceAnnotation.m */ = {isa = PBXFileReference; fileEncoding = 4; lastKnownFileType = sourcecode.c.objc; path = PlaceAnnotation.m; sourceTree = "<group>"; };
		E9DF35CD1B3DD306009B92B6 /* MDPinAnnotationView.h */ = {isa = PBXFileReference; fileEncoding = 4; lastKnownFileType = sourcecode.c.h; path = MDPinAnnotationView.h; sourceTree = "<group>"; };
		E9DF35CE1B3DD306009B92B6 /* MDPinAnnotationView.m */ = {isa = PBXFileReference; fileEncoding = 4; lastKnownFileType = sourcecode.c.objc; path = MDPinAnnotationView.m; sourceTree = "<group>"; };
		E9E1843C1B792C1700637771 /* ImageCell.h */ = {isa = PBXFileReference; fileEncoding = 4; lastKnownFileType = sourcecode.c.h; path = ImageCell.h; sourceTree = "<group>"; };
		E9E1843D1B792C1700637771 /* ImageCell.m */ = {isa = PBXFileReference; fileEncoding = 4; lastKnownFileType = sourcecode.c.objc; path = ImageCell.m; sourceTree = "<group>"; };
		E9E1843F1B7931D900637771 /* PreferredCell.h */ = {isa = PBXFileReference; fileEncoding = 4; lastKnownFileType = sourcecode.c.h; path = PreferredCell.h; sourceTree = "<group>"; };
		E9E184401B7931D900637771 /* PreferredCell.m */ = {isa = PBXFileReference; fileEncoding = 4; lastKnownFileType = sourcecode.c.objc; path = PreferredCell.m; sourceTree = "<group>"; };
		E9E1B96D2C6F9B3E00CF51F6 /* PaddedLabel.h */ = {isa = PBXFileReference; lastKnownFileType = sourcecode.c.h; path = PaddedLabel.h; sourceTree = "<group>"; };
		E9E1B96E2C6F9B3E00CF51F6 /* PaddedLabel.m */ = {isa = PBXFileReference; lastKnownFileType = sourcecode.c.objc; path = PaddedLabel.m; sourceTree = "<group>"; };
		E9E4BCD41B7BFBFC005633AD /* CarrierDataModel.h */ = {isa = PBXFileReference; fileEncoding = 4; lastKnownFileType = sourcecode.c.h; path = CarrierDataModel.h; sourceTree = "<group>"; };
		E9E4BCD51B7BFBFC005633AD /* CarrierDataModel.m */ = {isa = PBXFileReference; fileEncoding = 4; lastKnownFileType = sourcecode.c.objc; path = CarrierDataModel.m; sourceTree = "<group>"; };
		E9E4BCD61B7BFBFC005633AD /* TelephoneUtils.h */ = {isa = PBXFileReference; fileEncoding = 4; lastKnownFileType = sourcecode.c.h; path = TelephoneUtils.h; sourceTree = "<group>"; };
		E9E4BCD71B7BFBFC005633AD /* TelephoneUtils.m */ = {isa = PBXFileReference; fileEncoding = 4; lastKnownFileType = sourcecode.c.objc; path = TelephoneUtils.m; sourceTree = "<group>"; };
		E9E4BCDB1B7BFC33005633AD /* Settings.bundle */ = {isa = PBXFileReference; lastKnownFileType = "wrapper.plug-in"; path = Settings.bundle; sourceTree = "<group>"; };
		E9E543651B84C3DC00BC81B8 /* Carriers.plist */ = {isa = PBXFileReference; fileEncoding = 4; lastKnownFileType = text.plist.xml; path = Carriers.plist; sourceTree = "<group>"; };
		E9E55A022BD9519B00AB8797 /* PrivacyInfo.xcprivacy */ = {isa = PBXFileReference; lastKnownFileType = text.xml; path = PrivacyInfo.xcprivacy; sourceTree = "<group>"; };
		E9E55FB91B55933F00994BCB /* DetailCell.h */ = {isa = PBXFileReference; fileEncoding = 4; lastKnownFileType = sourcecode.c.h; path = DetailCell.h; sourceTree = "<group>"; };
		E9E55FBA1B55933F00994BCB /* DetailCell.m */ = {isa = PBXFileReference; fileEncoding = 4; lastKnownFileType = sourcecode.c.objc; path = DetailCell.m; sourceTree = "<group>"; };
		E9E55FBC1B55944F00994BCB /* ThumbnailViewImageProxy.h */ = {isa = PBXFileReference; fileEncoding = 4; lastKnownFileType = sourcecode.c.h; path = ThumbnailViewImageProxy.h; sourceTree = "<group>"; };
		E9E55FBD1B55944F00994BCB /* ThumbnailViewImageProxy.m */ = {isa = PBXFileReference; fileEncoding = 4; lastKnownFileType = sourcecode.c.objc; path = ThumbnailViewImageProxy.m; sourceTree = "<group>"; };
		E9E55FBF1B55970E00994BCB /* RWLabel.h */ = {isa = PBXFileReference; fileEncoding = 4; lastKnownFileType = sourcecode.c.h; path = RWLabel.h; sourceTree = "<group>"; };
		E9E55FC01B55970E00994BCB /* RWLabel.m */ = {isa = PBXFileReference; fileEncoding = 4; lastKnownFileType = sourcecode.c.objc; path = RWLabel.m; sourceTree = "<group>"; };
		E9E8C5A71B18C5710042DC81 /* fav.png */ = {isa = PBXFileReference; lastKnownFileType = image.png; path = fav.png; sourceTree = "<group>"; };
		E9E9B12D1B0E7CC6005BE8A1 /* DataAccess.h */ = {isa = PBXFileReference; fileEncoding = 4; lastKnownFileType = sourcecode.c.h; path = DataAccess.h; sourceTree = "<group>"; };
		E9E9B12E1B0E7CC6005BE8A1 /* DataAccess.m */ = {isa = PBXFileReference; fileEncoding = 4; lastKnownFileType = sourcecode.c.objc; path = DataAccess.m; sourceTree = "<group>"; };
		E9E9B1301B0E7D1C005BE8A1 /* DataModel.h */ = {isa = PBXFileReference; fileEncoding = 4; lastKnownFileType = sourcecode.c.h; path = DataModel.h; sourceTree = "<group>"; };
		E9E9B1311B0E7D1C005BE8A1 /* DataModel.m */ = {isa = PBXFileReference; fileEncoding = 4; lastKnownFileType = sourcecode.c.objc; path = DataModel.m; sourceTree = "<group>"; };
		E9F097671E007CD200C6A464 /* BoletoFormViewController.h */ = {isa = PBXFileReference; fileEncoding = 4; lastKnownFileType = sourcecode.c.h; path = BoletoFormViewController.h; sourceTree = "<group>"; };
		E9F097681E007CD200C6A464 /* BoletoFormViewController.m */ = {isa = PBXFileReference; fileEncoding = 4; lastKnownFileType = sourcecode.c.objc; path = BoletoFormViewController.m; sourceTree = "<group>"; };
/* End PBXFileReference section */

/* Begin PBXFrameworksBuildPhase section */
		BFAC6E76192A54E100921494 /* Frameworks */ = {
			isa = PBXFrameworksBuildPhase;
			buildActionMask = 2147483647;
			files = (
				E9490C78262F5C10000A035B /* WebKit.framework in Frameworks */,
				E9CDD1D11AD86B6800BB2E36 /* Security.framework in Frameworks */,
				E9CDD1CF1AD8682900BB2E36 /* SystemConfiguration.framework in Frameworks */,
				E9B61B55260BA3E700A52672 /* CoreServices.framework in Frameworks */,
				BFAC6E7F192A54E100921494 /* CoreGraphics.framework in Frameworks */,
				BFAC6E81192A54E100921494 /* UIKit.framework in Frameworks */,
				BFAC6E7D192A54E100921494 /* Foundation.framework in Frameworks */,
				56C150BE3E8E7DF14A5D3690 /* libPods-Cardapio USP.a in Frameworks */,
			);
			runOnlyForDeploymentPostprocessing = 0;
		};
		BFAC6E9A192A54E100921494 /* Frameworks */ = {
			isa = PBXFrameworksBuildPhase;
			buildActionMask = 2147483647;
			files = (
				BFAC6E9F192A54E100921494 /* XCTest.framework in Frameworks */,
				BFAC6EA1192A54E100921494 /* UIKit.framework in Frameworks */,
				BFAC6EA0192A54E100921494 /* Foundation.framework in Frameworks */,
				4E5A27FA22CBDFBA7124C0AE /* libPods-Cardapio USPTests.a in Frameworks */,
			);
			runOnlyForDeploymentPostprocessing = 0;
		};
/* End PBXFrameworksBuildPhase section */

/* Begin PBXGroup section */
		AD66F7C71933B239005A31BE /* model */ = {
			isa = PBXGroup;
			children = (
				ADB2DCB419374FE20068417F /* WeeklyPeriod.h */,
				ADB2DCB519374FE20068417F /* WeeklyPeriod.m */,
				ADB2DCB119374FCE0068417F /* Restaurant.h */,
				ADB2DCB219374FCE0068417F /* Restaurant.m */,
				AD66F7CB1933B2E8005A31BE /* Menu.h */,
				AD66F7CC1933B2E8005A31BE /* Menu.m */,
				AD66F7CE1933B3C4005A31BE /* Period.h */,
				AD66F7CF1933B3C4005A31BE /* Period.m */,
				AD66F7D71933C4A8005A31BE /* MenuStub.h */,
				AD66F7D81933C4A8005A31BE /* MenuStub.m */,
				ADB2DCB719375A550068417F /* Cash.h */,
				ADB2DCB819375A550068417F /* Cash.m */,
				ADB2DCBA19375F0E0068417F /* Items.h */,
				ADB2DCBB19375F0E0068417F /* Items.m */,
			);
			name = model;
			sourceTree = "<group>";
		};
		BFAC6E70192A54E100921494 = {
			isa = PBXGroup;
			children = (
				BFAC6E82192A54E100921494 /* Cardapio USP */,
				BFAC6E7B192A54E100921494 /* Frameworks */,
				BFAC6EA4192A54E100921494 /* Cardapio USPTests */,
				BFAC6E7A192A54E100921494 /* Products */,
				E0162C335702D1DC2F80DBCE /* Pods */,
			);
			sourceTree = "<group>";
		};
		BFAC6E7A192A54E100921494 /* Products */ = {
			isa = PBXGroup;
			children = (
				BFAC6E79192A54E100921494 /* Cardapio USP.app */,
				BFAC6E9D192A54E100921494 /* Cardapio USPTests.xctest */,
			);
			name = Products;
			sourceTree = "<group>";
		};
		BFAC6E7B192A54E100921494 /* Frameworks */ = {
			isa = PBXGroup;
			children = (
				E9490C77262F5C0F000A035B /* WebKit.framework */,
				E9B61B54260BA3E700A52672 /* CoreServices.framework */,
				E998B8422551D9800028B3C5 /* libFirebaseCore.a */,
				E9CDD1D01AD86B6800BB2E36 /* Security.framework */,
				E9CDD1CE1AD8682900BB2E36 /* SystemConfiguration.framework */,
				E9CDD1CC1AD8681800BB2E36 /* MobileCoreServices.framework */,
				BFAC6E7C192A54E100921494 /* Foundation.framework */,
				BFAC6E7E192A54E100921494 /* CoreGraphics.framework */,
				BFAC6E80192A54E100921494 /* UIKit.framework */,
				BFAC6E9E192A54E100921494 /* XCTest.framework */,
				96D40057E3FADD7DCC98153D /* libPods-Cardapio USP.a */,
				139F385B0D1D0460E44959F4 /* libPods-Cardapio USPTests.a */,
			);
			name = Frameworks;
			sourceTree = "<group>";
		};
		BFAC6E82192A54E100921494 /* Cardapio USP */ = {
			isa = PBXGroup;
			children = (
				BFAAC4741C217E37004F2700 /* LaunchImage.png */,
				BFAC6EEC192AB98600921494 /* mapa.png */,
				E9E8C5A71B18C5710042DC81 /* fav.png */,
				AD66F7C71933B239005A31BE /* model */,
				BFAC6E8B192A54E100921494 /* AppDelegate.h */,
				BFAC6E8C192A54E100921494 /* AppDelegate.m */,
				BFAC6E8E192A54E100921494 /* Main_iPhone.storyboard */,
				BFAC6E91192A54E100921494 /* Main_iPad.storyboard */,
				BFAC6E97192A54E100921494 /* Images.xcassets */,
				E9F0976F1E007D8500C6A464 /* Model */,
				E990FE7126275210005FF207 /* View */,
				E9F0976D1E007D4E00C6A464 /* ViewHelper */,
				BFAC6ED0192A587900921494 /* Categories */,
				BFAC6ED5192A587900921494 /* SVProgressHUD */,
				BFAC6EBD192A586B00921494 /* REFrostedViewController */,
				E9CDD1D21AD86BE000BB2E36 /* AFNetworking */,
				BFAC6E83192A54E100921494 /* Supporting Files */,
				E9E4BCDA1B7BFC05005633AD /* Telephony */,
				E92D5E921C19B32B00ECA5D1 /* OAuth */,
				BFAC6EB4192A566200921494 /* central.json */,
				BFBE4D8C1A126003002EDADE /* central.plist */,
				BFBE1E75192FB038004C403C /* restaurantes.json */,
				BFAC6EEA192AB50F00921494 /* central.jpg */,
				BFBE4D8E1A126797002EDADE /* restaurants_old.plist */,
				BFBE4D901A1276EF002EDADE /* restaurants_old.json */,
				E9DEA0221B4DC1FC00422524 /* restaurants.json */,
			);
			path = "Cardapio USP";
			sourceTree = "<group>";
		};
		BFAC6E83192A54E100921494 /* Supporting Files */ = {
			isa = PBXGroup;
			children = (
				E9E543651B84C3DC00BC81B8 /* Carriers.plist */,
				E9E55A022BD9519B00AB8797 /* PrivacyInfo.xcprivacy */,
				BFAC6E84192A54E100921494 /* Cardapio USP-Info.plist */,
				E97B390B225556FE0070AC9B /* GoogleService-Info.plist */,
				BFAC6E88192A54E100921494 /* main.m */,
				BFAC6E8A192A54E100921494 /* Cardapio USP-Prefix.pch */,
			);
			name = "Supporting Files";
			sourceTree = "<group>";
		};
		BFAC6EA4192A54E100921494 /* Cardapio USPTests */ = {
			isa = PBXGroup;
			children = (
				BFAC6EAA192A54E100921494 /* Cardapio_USPTests.m */,
				BFAC6EA5192A54E100921494 /* Supporting Files */,
			);
			path = "Cardapio USPTests";
			sourceTree = "<group>";
		};
		BFAC6EA5192A54E100921494 /* Supporting Files */ = {
			isa = PBXGroup;
			children = (
				BFAC6EA6192A54E100921494 /* Cardapio USPTests-Info.plist */,
				BFAC6EA7192A54E100921494 /* InfoPlist.strings */,
			);
			name = "Supporting Files";
			sourceTree = "<group>";
		};
		BFAC6EBD192A586B00921494 /* REFrostedViewController */ = {
			isa = PBXGroup;
			children = (
				BFAC6EBE192A586B00921494 /* RECommonFunctions.h */,
				BFAC6EBF192A586B00921494 /* RECommonFunctions.m */,
				BFAC6EC0192A586B00921494 /* REFrostedContainerViewController.h */,
				BFAC6EC1192A586B00921494 /* REFrostedContainerViewController.m */,
				BFAC6EC2192A586B00921494 /* REFrostedViewController.h */,
				BFAC6EC3192A586B00921494 /* REFrostedViewController.m */,
				BFAC6EC4192A586B00921494 /* UIImage+REFrostedViewController.h */,
				BFAC6EC5192A586B00921494 /* UIImage+REFrostedViewController.m */,
				BFAC6EC6192A586B00921494 /* UIView+REFrostedViewController.h */,
				BFAC6EC7192A586B00921494 /* UIView+REFrostedViewController.m */,
				BFAC6EC8192A586B00921494 /* UIViewController+REFrostedViewController.h */,
				BFAC6EC9192A586B00921494 /* UIViewController+REFrostedViewController.m */,
			);
			path = REFrostedViewController;
			sourceTree = "<group>";
		};
		BFAC6ED0192A587900921494 /* Categories */ = {
			isa = PBXGroup;
			children = (
				BFAC6ED1192A587900921494 /* GTMNSString+HTML.h */,
				BFAC6ED2192A587900921494 /* GTMNSString+HTML.m */,
				BFAC6ED3192A587900921494 /* NSString+HTML.h */,
				BFAC6ED4192A587900921494 /* NSString+HTML.m */,
			);
			path = Categories;
			sourceTree = "<group>";
		};
		BFAC6ED5192A587900921494 /* SVProgressHUD */ = {
			isa = PBXGroup;
			children = (
			);
			path = SVProgressHUD;
			sourceTree = "<group>";
		};
		E0162C335702D1DC2F80DBCE /* Pods */ = {
			isa = PBXGroup;
			children = (
				49738C0A9EE8685EF1886E0C /* Pods-Cardapio USP.debug.xcconfig */,
				D181144EAFC6742001652012 /* Pods-Cardapio USP.release.xcconfig */,
				44BEDA2F17EC17B8BE66E9F5 /* Pods-Cardapio USPTests.debug.xcconfig */,
				79727ED40BC6FB7E8DC61587 /* Pods-Cardapio USPTests.release.xcconfig */,
			);
			path = Pods;
			sourceTree = "<group>";
		};
		E92D5E921C19B32B00ECA5D1 /* OAuth */ = {
			isa = PBXGroup;
			children = (
				E92D5E931C19B32B00ECA5D1 /* Crypto */,
				E92D5E9A1C19B32B00ECA5D1 /* KeychainItemWrapper.h */,
				E92D5E9B1C19B32B00ECA5D1 /* KeychainItemWrapper.m */,
				E9387BEB1DF5F024005BC821 /* LoginWebViewController.h */,
				E9387BEC1DF5F024005BC821 /* LoginWebViewController.m */,
				E92D5E9E1C19B32B00ECA5D1 /* NSString+URLEncoding.h */,
				E92D5E9F1C19B32B00ECA5D1 /* NSString+URLEncoding.m */,
				E92D5EA01C19B32B00ECA5D1 /* OAuth1Controller.h */,
				E92D5EA11C19B32B00ECA5D1 /* OAuth1Controller.m */,
				E90555AC1E01D42F00B8516E /* OAuthUSP.h */,
				E90555AD1E01D42F00B8516E /* OAuthUSP.m */,
				E90555AE1E01D42F00B8516E /* STIOauth.h */,
				E90555AF1E01D42F00B8516E /* STIOauth.m */,
			);
			path = OAuth;
			sourceTree = "<group>";
		};
		E92D5E931C19B32B00ECA5D1 /* Crypto */ = {
			isa = PBXGroup;
			children = (
				E92D5E941C19B32B00ECA5D1 /* Base64Transcoder.c */,
				E92D5E951C19B32B00ECA5D1 /* Base64Transcoder.h */,
				E92D5E961C19B32B00ECA5D1 /* hmac.c */,
				E92D5E971C19B32B00ECA5D1 /* hmac.h */,
				E92D5E981C19B32B00ECA5D1 /* sha1.c */,
				E92D5E991C19B32B00ECA5D1 /* sha1.h */,
			);
			path = Crypto;
			sourceTree = "<group>";
		};
		E990FE7126275210005FF207 /* View */ = {
			isa = PBXGroup;
			children = (
				E990FE6C262751F0005FF207 /* MainViewController.h */,
				E990FE6D262751F0005FF207 /* MainViewController.m */,
				E9490C72262F54B5000A035B /* WebViewController.h */,
				E9490C73262F54B5000A035B /* WebViewController.m */,
				E9F0976A1E007CE300C6A464 /* Cardapio */,
				E9F0976E1E007D7700C6A464 /* RUCard */,
				E9F0976B1E007D0C00C6A464 /* Restaurantes */,
				E9F0976C1E007D4400C6A464 /* Mapas */,
			);
			name = View;
			sourceTree = "<group>";
		};
		E9CDD1D21AD86BE000BB2E36 /* AFNetworking */ = {
			isa = PBXGroup;
			children = (
				E9CDD1D31AD86BFF00BB2E36 /* AFHTTPRequestOperation.h */,
				E9CDD1D41AD86BFF00BB2E36 /* AFHTTPRequestOperation.m */,
				E9CDD1D51AD86BFF00BB2E36 /* AFHTTPRequestOperationManager.h */,
				E9CDD1D61AD86BFF00BB2E36 /* AFHTTPRequestOperationManager.m */,
				E9CDD1D71AD86BFF00BB2E36 /* AFHTTPSessionManager.h */,
				E9CDD1D81AD86BFF00BB2E36 /* AFHTTPSessionManager.m */,
				E9CDD1D91AD86BFF00BB2E36 /* AFNetworking.h */,
				E9CDD1DA1AD86BFF00BB2E36 /* AFNetworkReachabilityManager.h */,
				E9CDD1DB1AD86BFF00BB2E36 /* AFNetworkReachabilityManager.m */,
				E9CDD1DC1AD86BFF00BB2E36 /* AFSecurityPolicy.h */,
				E9CDD1DD1AD86BFF00BB2E36 /* AFSecurityPolicy.m */,
				E9CDD1DE1AD86BFF00BB2E36 /* AFURLConnectionOperation.h */,
				E9CDD1DF1AD86BFF00BB2E36 /* AFURLConnectionOperation.m */,
				E9CDD1E01AD86BFF00BB2E36 /* AFURLRequestSerialization.h */,
				E9CDD1E11AD86BFF00BB2E36 /* AFURLRequestSerialization.m */,
				E9CDD1E21AD86BFF00BB2E36 /* AFURLResponseSerialization.h */,
				E9CDD1E31AD86BFF00BB2E36 /* AFURLResponseSerialization.m */,
				E9CDD1E41AD86BFF00BB2E36 /* AFURLSessionManager.h */,
				E9CDD1E51AD86BFF00BB2E36 /* AFURLSessionManager.m */,
			);
			name = AFNetworking;
			sourceTree = "<group>";
		};
		E9E4BCDA1B7BFC05005633AD /* Telephony */ = {
			isa = PBXGroup;
			children = (
				E9E4BCD41B7BFBFC005633AD /* CarrierDataModel.h */,
				E9E4BCD51B7BFBFC005633AD /* CarrierDataModel.m */,
				E9E4BCD61B7BFBFC005633AD /* TelephoneUtils.h */,
				E9E4BCD71B7BFBFC005633AD /* TelephoneUtils.m */,
				E9E4BCDB1B7BFC33005633AD /* Settings.bundle */,
			);
			name = Telephony;
			sourceTree = "<group>";
		};
		E9F0976A1E007CE300C6A464 /* Cardapio */ = {
			isa = PBXGroup;
			children = (
				BFAC6E94192A54E100921494 /* MenuViewController.h */,
				BFAC6E95192A54E100921494 /* MenuViewController.m */,
				E9CDD1B91AD81E5100BB2E36 /* RestaurantsFilterController.h */,
				E9CDD1BA1AD81E5100BB2E36 /* RestaurantsFilterController.m */,
			);
			name = Cardapio;
			sourceTree = "<group>";
		};
		E9F0976B1E007D0C00C6A464 /* Restaurantes */ = {
			isa = PBXGroup;
			children = (
				BFAC6EE4192A71A000921494 /* InfoViewController.h */,
				BFAC6EE5192A71A000921494 /* InfoViewController.m */,
				E9E55FB91B55933F00994BCB /* DetailCell.h */,
				E9E55FBA1B55933F00994BCB /* DetailCell.m */,
				E9E1843C1B792C1700637771 /* ImageCell.h */,
				E9E1843D1B792C1700637771 /* ImageCell.m */,
				E9E55FBC1B55944F00994BCB /* ThumbnailViewImageProxy.h */,
				E9E55FBD1B55944F00994BCB /* ThumbnailViewImageProxy.m */,
			);
			name = Restaurantes;
			sourceTree = "<group>";
		};
		E9F0976C1E007D4400C6A464 /* Mapas */ = {
			isa = PBXGroup;
			children = (
				E9DF35C91B3DD306009B92B6 /* MapViewController.h */,
				E9DF35CA1B3DD306009B92B6 /* MapViewController.m */,
				E9DF35CB1B3DD306009B92B6 /* PlaceAnnotation.h */,
				E9DF35CC1B3DD306009B92B6 /* PlaceAnnotation.m */,
				E9DF35CD1B3DD306009B92B6 /* MDPinAnnotationView.h */,
				E9DF35CE1B3DD306009B92B6 /* MDPinAnnotationView.m */,
			);
			name = Mapas;
			sourceTree = "<group>";
		};
		E9F0976D1E007D4E00C6A464 /* ViewHelper */ = {
			isa = PBXGroup;
			children = (
				E9E1843F1B7931D900637771 /* PreferredCell.h */,
				E9E184401B7931D900637771 /* PreferredCell.m */,
				E990FE7426279E41005FF207 /* CALayer+XibConfiguration.h */,
				E990FE7526279E41005FF207 /* CALayer+XibConfiguration.m */,
				E9E55FBF1B55970E00994BCB /* RWLabel.h */,
				E9E55FC01B55970E00994BCB /* RWLabel.m */,
				E9818EC1198033A800F741B0 /* DKScrollingTabController.h */,
				E9818EC2198033A800F741B0 /* DKScrollingTabController.m */,
				E9D76F9C2910175B00DCF59A /* MyTextField.h */,
				E9D76F9D2910175B00DCF59A /* MyTextField.m */,
				E9E1B96D2C6F9B3E00CF51F6 /* PaddedLabel.h */,
				E9E1B96E2C6F9B3E00CF51F6 /* PaddedLabel.m */,
			);
			name = ViewHelper;
			sourceTree = "<group>";
		};
		E9F0976E1E007D7700C6A464 /* RUCard */ = {
			isa = PBXGroup;
			children = (
				E9387BF11DF5F476005BC821 /* CreditsViewController.h */,
				E9387BF21DF5F476005BC821 /* CreditsViewController.m */,
				E9D76F972909CF4600DCF59A /* PixViewController.h */,
				E9D76F982909CF4600DCF59A /* PixViewController.m */,
				E9387BF71DF727C0005BC821 /* BoletoViewController.h */,
				E9387BF81DF727C0005BC821 /* BoletoViewController.m */,
				E90555B51E086AAF00B8516E /* CreditsNavigationViewController.h */,
				E90555B61E086AAF00B8516E /* CreditsNavigationViewController.m */,
				E90555B81E099B6900B8516E /* BoletosPendentesTableViewController.h */,
				E90555B91E099B6900B8516E /* BoletosPendentesTableViewController.m */,
				E9F097671E007CD200C6A464 /* BoletoFormViewController.h */,
				E9F097681E007CD200C6A464 /* BoletoFormViewController.m */,
				E99837FB1E201B540065ED08 /* BoletoTableViewCell.h */,
				E99837FC1E201B540065ED08 /* BoletoTableViewCell.m */,
				E99837FE1E201B710065ED08 /* SwipeableCell.h */,
				E99837FF1E201B710065ED08 /* SwipeableCell.m */,
			);
			name = RUCard;
			sourceTree = "<group>";
		};
		E9F0976F1E007D8500C6A464 /* Model */ = {
			isa = PBXGroup;
			children = (
				E9E9B12D1B0E7CC6005BE8A1 /* DataAccess.h */,
				E9E9B12E1B0E7CC6005BE8A1 /* DataAccess.m */,
				E9E9B1301B0E7D1C005BE8A1 /* DataModel.h */,
				E9E9B1311B0E7D1C005BE8A1 /* DataModel.m */,
				E90555B21E030EEA00B8516E /* BoletoDataModel.h */,
				E90555B31E030EEA00B8516E /* BoletoDataModel.m */,
				E9BF538C2C947F48004ED570 /* MyMutableURLRequest.h */,
				E9BF538D2C947F49004ED570 /* MyMutableURLRequest.m */,
			);
			name = Model;
			sourceTree = "<group>";
		};
/* End PBXGroup section */

/* Begin PBXNativeTarget section */
		BFAC6E78192A54E100921494 /* Cardapio USP */ = {
			isa = PBXNativeTarget;
			buildConfigurationList = BFAC6EAE192A54E100921494 /* Build configuration list for PBXNativeTarget "Cardapio USP" */;
			buildPhases = (
				668297471BB773C8290599CF /* [CP] Check Pods Manifest.lock */,
				BFAC6E75192A54E100921494 /* Sources */,
				BFAC6E76192A54E100921494 /* Frameworks */,
				BFAC6E77192A54E100921494 /* Resources */,
				E9E12CC91B8DF20B006BC33B /* ShellScript */,
				E161211886CE43DC2C6DDFBA /* [CP] Copy Pods Resources */,
			);
			buildRules = (
			);
			dependencies = (
			);
			name = "Cardapio USP";
			productName = "Cardapio USP";
			productReference = BFAC6E79192A54E100921494 /* Cardapio USP.app */;
			productType = "com.apple.product-type.application";
		};
		BFAC6E9C192A54E100921494 /* Cardapio USPTests */ = {
			isa = PBXNativeTarget;
			buildConfigurationList = BFAC6EB1192A54E100921494 /* Build configuration list for PBXNativeTarget "Cardapio USPTests" */;
			buildPhases = (
				D44AFCA2BBA57446E267B884 /* [CP] Check Pods Manifest.lock */,
				BFAC6E99192A54E100921494 /* Sources */,
				BFAC6E9A192A54E100921494 /* Frameworks */,
				BFAC6E9B192A54E100921494 /* Resources */,
			);
			buildRules = (
			);
			dependencies = (
				BFAC6EA3192A54E100921494 /* PBXTargetDependency */,
			);
			name = "Cardapio USPTests";
			productName = "Cardapio USPTests";
			productReference = BFAC6E9D192A54E100921494 /* Cardapio USPTests.xctest */;
			productType = "com.apple.product-type.bundle.unit-test";
		};
/* End PBXNativeTarget section */

/* Begin PBXProject section */
		BFAC6E71192A54E100921494 /* Project object */ = {
			isa = PBXProject;
			attributes = {
				LastUpgradeCheck = 1240;
				ORGANIZATIONNAME = USP;
				TargetAttributes = {
					BFAC6E78192A54E100921494 = {
						DevelopmentTeam = SYF585KJR7;
						ProvisioningStyle = Automatic;
					};
					BFAC6E9C192A54E100921494 = {
						DevelopmentTeam = SYF585KJR7;
						TestTargetID = BFAC6E78192A54E100921494;
					};
				};
			};
			buildConfigurationList = BFAC6E74192A54E100921494 /* Build configuration list for PBXProject "Cardapio USP" */;
			compatibilityVersion = "Xcode 3.2";
			developmentRegion = en;
			hasScannedForEncodings = 0;
			knownRegions = (
				en,
				Base,
			);
			mainGroup = BFAC6E70192A54E100921494;
			productRefGroup = BFAC6E7A192A54E100921494 /* Products */;
			projectDirPath = "";
			projectRoot = "";
			targets = (
				BFAC6E78192A54E100921494 /* Cardapio USP */,
				BFAC6E9C192A54E100921494 /* Cardapio USPTests */,
			);
		};
/* End PBXProject section */

/* Begin PBXResourcesBuildPhase section */
		BFAC6E77192A54E100921494 /* Resources */ = {
			isa = PBXResourcesBuildPhase;
			buildActionMask = 2147483647;
			files = (
				BFAAC4751C217E37004F2700 /* LaunchImage.png in Resources */,
				E9DEA0231B4DC1FC00422524 /* restaurants.json in Resources */,
				BFAC6E93192A54E100921494 /* Main_iPad.storyboard in Resources */,
				BFAC6E98192A54E100921494 /* Images.xcassets in Resources */,
				BFAC6E90192A54E100921494 /* Main_iPhone.storyboard in Resources */,
				BFAC6EB5192A566200921494 /* central.json in Resources */,
				E9E4BCDC1B7BFC33005633AD /* Settings.bundle in Resources */,
				BFBE4D8F1A126797002EDADE /* restaurants_old.plist in Resources */,
				BFAC6EEB192AB50F00921494 /* central.jpg in Resources */,
				BFBE4D911A1276EF002EDADE /* restaurants_old.json in Resources */,
				E97B390C225556FE0070AC9B /* GoogleService-Info.plist in Resources */,
				E9E8C5A81B18C5710042DC81 /* fav.png in Resources */,
				BFBE4D8D1A126003002EDADE /* central.plist in Resources */,
				E9E543661B84C3DC00BC81B8 /* Carriers.plist in Resources */,
				BFAC6EED192AB98600921494 /* mapa.png in Resources */,
				BFBE1E76192FB038004C403C /* restaurantes.json in Resources */,
			);
			runOnlyForDeploymentPostprocessing = 0;
		};
		BFAC6E9B192A54E100921494 /* Resources */ = {
			isa = PBXResourcesBuildPhase;
			buildActionMask = 2147483647;
			files = (
				BFAC6EA9192A54E100921494 /* InfoPlist.strings in Resources */,
			);
			runOnlyForDeploymentPostprocessing = 0;
		};
/* End PBXResourcesBuildPhase section */

/* Begin PBXShellScriptBuildPhase section */
		668297471BB773C8290599CF /* [CP] Check Pods Manifest.lock */ = {
			isa = PBXShellScriptBuildPhase;
			buildActionMask = 2147483647;
			files = (
			);
			inputFileListPaths = (
			);
			inputPaths = (
				"${PODS_PODFILE_DIR_PATH}/Podfile.lock",
				"${PODS_ROOT}/Manifest.lock",
			);
			name = "[CP] Check Pods Manifest.lock";
			outputFileListPaths = (
			);
			outputPaths = (
				"$(DERIVED_FILE_DIR)/Pods-Cardapio USP-checkManifestLockResult.txt",
			);
			runOnlyForDeploymentPostprocessing = 0;
			shellPath = /bin/sh;
			shellScript = "diff \"${PODS_PODFILE_DIR_PATH}/Podfile.lock\" \"${PODS_ROOT}/Manifest.lock\" > /dev/null\nif [ $? != 0 ] ; then\n    # print error to STDERR\n    echo \"error: The sandbox is not in sync with the Podfile.lock. Run 'pod install' or update your CocoaPods installation.\" >&2\n    exit 1\nfi\n# This output is used by Xcode 'outputs' to avoid re-running this script phase.\necho \"SUCCESS\" > \"${SCRIPT_OUTPUT_FILE_0}\"\n";
			showEnvVarsInLog = 0;
		};
		D44AFCA2BBA57446E267B884 /* [CP] Check Pods Manifest.lock */ = {
			isa = PBXShellScriptBuildPhase;
			buildActionMask = 2147483647;
			files = (
			);
			inputFileListPaths = (
			);
			inputPaths = (
				"${PODS_PODFILE_DIR_PATH}/Podfile.lock",
				"${PODS_ROOT}/Manifest.lock",
			);
			name = "[CP] Check Pods Manifest.lock";
			outputFileListPaths = (
			);
			outputPaths = (
				"$(DERIVED_FILE_DIR)/Pods-Cardapio USPTests-checkManifestLockResult.txt",
			);
			runOnlyForDeploymentPostprocessing = 0;
			shellPath = /bin/sh;
			shellScript = "diff \"${PODS_PODFILE_DIR_PATH}/Podfile.lock\" \"${PODS_ROOT}/Manifest.lock\" > /dev/null\nif [ $? != 0 ] ; then\n    # print error to STDERR\n    echo \"error: The sandbox is not in sync with the Podfile.lock. Run 'pod install' or update your CocoaPods installation.\" >&2\n    exit 1\nfi\n# This output is used by Xcode 'outputs' to avoid re-running this script phase.\necho \"SUCCESS\" > \"${SCRIPT_OUTPUT_FILE_0}\"\n";
			showEnvVarsInLog = 0;
		};
		E161211886CE43DC2C6DDFBA /* [CP] Copy Pods Resources */ = {
			isa = PBXShellScriptBuildPhase;
			buildActionMask = 2147483647;
			files = (
			);
			inputPaths = (
				"${PODS_ROOT}/Target Support Files/Pods-Cardapio USP/Pods-Cardapio USP-resources.sh",
				"${PODS_CONFIGURATION_BUILD_DIR}/FirebaseCore/FirebaseCore_Privacy.bundle",
				"${PODS_CONFIGURATION_BUILD_DIR}/FirebaseCoreExtension/FirebaseCoreExtension_Privacy.bundle",
				"${PODS_CONFIGURATION_BUILD_DIR}/FirebaseCoreInternal/FirebaseCoreInternal_Privacy.bundle",
				"${PODS_CONFIGURATION_BUILD_DIR}/FirebaseCrashlytics/FirebaseCrashlytics_Privacy.bundle",
				"${PODS_CONFIGURATION_BUILD_DIR}/FirebaseInstallations/FirebaseInstallations_Privacy.bundle",
				"${PODS_CONFIGURATION_BUILD_DIR}/GoogleDataTransport/GoogleDataTransport_Privacy.bundle",
				"${PODS_CONFIGURATION_BUILD_DIR}/GoogleUtilities/GoogleUtilities_Privacy.bundle",
				"${PODS_CONFIGURATION_BUILD_DIR}/PromisesObjC/FBLPromises_Privacy.bundle",
				"${PODS_CONFIGURATION_BUILD_DIR}/PromisesSwift/Promises_Privacy.bundle",
				"${PODS_ROOT}/SVProgressHUD/SVProgressHUD/SVProgressHUD.bundle",
				"${PODS_ROOT}/SVProgressHUD/SVProgressHUD/PrivacyInfo.xcprivacy",
				"${PODS_CONFIGURATION_BUILD_DIR}/nanopb/nanopb_Privacy.bundle",
			);
			name = "[CP] Copy Pods Resources";
			outputPaths = (
				"${TARGET_BUILD_DIR}/${UNLOCALIZED_RESOURCES_FOLDER_PATH}/FirebaseCore_Privacy.bundle",
				"${TARGET_BUILD_DIR}/${UNLOCALIZED_RESOURCES_FOLDER_PATH}/FirebaseCoreExtension_Privacy.bundle",
				"${TARGET_BUILD_DIR}/${UNLOCALIZED_RESOURCES_FOLDER_PATH}/FirebaseCoreInternal_Privacy.bundle",
				"${TARGET_BUILD_DIR}/${UNLOCALIZED_RESOURCES_FOLDER_PATH}/FirebaseCrashlytics_Privacy.bundle",
				"${TARGET_BUILD_DIR}/${UNLOCALIZED_RESOURCES_FOLDER_PATH}/FirebaseInstallations_Privacy.bundle",
				"${TARGET_BUILD_DIR}/${UNLOCALIZED_RESOURCES_FOLDER_PATH}/GoogleDataTransport_Privacy.bundle",
				"${TARGET_BUILD_DIR}/${UNLOCALIZED_RESOURCES_FOLDER_PATH}/GoogleUtilities_Privacy.bundle",
				"${TARGET_BUILD_DIR}/${UNLOCALIZED_RESOURCES_FOLDER_PATH}/FBLPromises_Privacy.bundle",
				"${TARGET_BUILD_DIR}/${UNLOCALIZED_RESOURCES_FOLDER_PATH}/Promises_Privacy.bundle",
				"${TARGET_BUILD_DIR}/${UNLOCALIZED_RESOURCES_FOLDER_PATH}/SVProgressHUD.bundle",
				"${TARGET_BUILD_DIR}/${UNLOCALIZED_RESOURCES_FOLDER_PATH}/PrivacyInfo.xcprivacy",
				"${TARGET_BUILD_DIR}/${UNLOCALIZED_RESOURCES_FOLDER_PATH}/nanopb_Privacy.bundle",
			);
			runOnlyForDeploymentPostprocessing = 0;
			shellPath = /bin/sh;
			shellScript = "\"${PODS_ROOT}/Target Support Files/Pods-Cardapio USP/Pods-Cardapio USP-resources.sh\"\n";
			showEnvVarsInLog = 0;
		};
		E9E12CC91B8DF20B006BC33B /* ShellScript */ = {
			isa = PBXShellScriptBuildPhase;
			buildActionMask = 2147483647;
			files = (
			);
			inputPaths = (
				"${DWARF_DSYM_FOLDER_PATH}/${DWARF_DSYM_FILE_NAME}/Contents/Resources/DWARF/${TARGET_NAME}",
				"$(SRCROOT)/$(BUILT_PRODUCTS_DIR)/$(INFOPLIST_PATH)",
			);
			outputPaths = (
			);
			runOnlyForDeploymentPostprocessing = 0;
			shellPath = /bin/sh;
			shellScript = "\"${PODS_ROOT}/FirebaseCrashlytics/run\"\n";
		};
/* End PBXShellScriptBuildPhase section */

/* Begin PBXSourcesBuildPhase section */
		BFAC6E75192A54E100921494 /* Sources */ = {
			isa = PBXSourcesBuildPhase;
			buildActionMask = 2147483647;
			files = (
				E9E55FBE1B55944F00994BCB /* ThumbnailViewImageProxy.m in Sources */,
				E9CDD1E61AD86BFF00BB2E36 /* AFHTTPRequestOperation.m in Sources */,
				BFAC6ECF192A586B00921494 /* UIViewController+REFrostedViewController.m in Sources */,
				BFAC6ECE192A586B00921494 /* UIView+REFrostedViewController.m in Sources */,
				ADB2DCB919375A550068417F /* Cash.m in Sources */,
				BFAC6ECB192A586B00921494 /* REFrostedContainerViewController.m in Sources */,
				E90555B01E01D42F00B8516E /* OAuthUSP.m in Sources */,
				E990FE7626279E41005FF207 /* CALayer+XibConfiguration.m in Sources */,
				E9CDD1E81AD86BFF00BB2E36 /* AFHTTPSessionManager.m in Sources */,
				BFAC6EDB192A587900921494 /* NSString+HTML.m in Sources */,
				E9BF538E2C947F49004ED570 /* MyMutableURLRequest.m in Sources */,
				E90555BA1E099B6900B8516E /* BoletosPendentesTableViewController.m in Sources */,
				BFAC6E96192A54E100921494 /* MenuViewController.m in Sources */,
				E9E55FBB1B55933F00994BCB /* DetailCell.m in Sources */,
				E9CDD1EE1AD86BFF00BB2E36 /* AFURLSessionManager.m in Sources */,
				E92D5EAA1C19B32B00ECA5D1 /* OAuth1Controller.m in Sources */,
				E90555B41E030EEA00B8516E /* BoletoDataModel.m in Sources */,
				E9CDD1EA1AD86BFF00BB2E36 /* AFSecurityPolicy.m in Sources */,
				E9CDD1ED1AD86BFF00BB2E36 /* AFURLResponseSerialization.m in Sources */,
				E99838001E201B710065ED08 /* SwipeableCell.m in Sources */,
				BFAC6ECD192A586B00921494 /* UIImage+REFrostedViewController.m in Sources */,
				E92D5EA91C19B32B00ECA5D1 /* NSString+URLEncoding.m in Sources */,
				BFAC6EE6192A71A000921494 /* InfoViewController.m in Sources */,
				E9490C74262F54B5000A035B /* WebViewController.m in Sources */,
				BFAC6E8D192A54E100921494 /* AppDelegate.m in Sources */,
				E9387BED1DF5F024005BC821 /* LoginWebViewController.m in Sources */,
				E990FE6E262751F0005FF207 /* MainViewController.m in Sources */,
				E9D76F992909CF4600DCF59A /* PixViewController.m in Sources */,
				E9387BF31DF5F476005BC821 /* CreditsViewController.m in Sources */,
				E9CDD1BB1AD81E5100BB2E36 /* RestaurantsFilterController.m in Sources */,
				E92D5EA51C19B32B00ECA5D1 /* hmac.c in Sources */,
				E9CDD1EB1AD86BFF00BB2E36 /* AFURLConnectionOperation.m in Sources */,
				E9E1B96F2C6F9B3E00CF51F6 /* PaddedLabel.m in Sources */,
				E90555B11E01D42F00B8516E /* STIOauth.m in Sources */,
				E9818EC3198033A800F741B0 /* DKScrollingTabController.m in Sources */,
				E9E55FC11B55970E00994BCB /* RWLabel.m in Sources */,
				E9CDD1EC1AD86BFF00BB2E36 /* AFURLRequestSerialization.m in Sources */,
				E99837FD1E201B540065ED08 /* BoletoTableViewCell.m in Sources */,
				BFAC6E89192A54E100921494 /* main.m in Sources */,
				E9E9B1321B0E7D1C005BE8A1 /* DataModel.m in Sources */,
				E92D5EA71C19B32B00ECA5D1 /* KeychainItemWrapper.m in Sources */,
				E9CDD1E71AD86BFF00BB2E36 /* AFHTTPRequestOperationManager.m in Sources */,
				BFAC6EDA192A587900921494 /* GTMNSString+HTML.m in Sources */,
				AD66F7D01933B3C4005A31BE /* Period.m in Sources */,
				E9E9B12F1B0E7CC6005BE8A1 /* DataAccess.m in Sources */,
				E9E4BCD91B7BFBFC005633AD /* TelephoneUtils.m in Sources */,
				E9E184411B7931D900637771 /* PreferredCell.m in Sources */,
				E9CDD1E91AD86BFF00BB2E36 /* AFNetworkReachabilityManager.m in Sources */,
				E9E1843E1B792C1700637771 /* ImageCell.m in Sources */,
				E9DF35CF1B3DD306009B92B6 /* MapViewController.m in Sources */,
				E92D5EA61C19B32B00ECA5D1 /* sha1.c in Sources */,
				BFAC6ECA192A586B00921494 /* RECommonFunctions.m in Sources */,
				E90555B71E086AAF00B8516E /* CreditsNavigationViewController.m in Sources */,
				ADB2DCB319374FCE0068417F /* Restaurant.m in Sources */,
				E92D5EA41C19B32B00ECA5D1 /* Base64Transcoder.c in Sources */,
				E9E4BCD81B7BFBFC005633AD /* CarrierDataModel.m in Sources */,
				AD66F7D91933C4A8005A31BE /* MenuStub.m in Sources */,
				E9D76F9E2910175B00DCF59A /* MyTextField.m in Sources */,
				E9DF35D11B3DD306009B92B6 /* MDPinAnnotationView.m in Sources */,
				ADB2DCB619374FE20068417F /* WeeklyPeriod.m in Sources */,
				E9DF35D01B3DD306009B92B6 /* PlaceAnnotation.m in Sources */,
				E9387BF91DF727C0005BC821 /* BoletoViewController.m in Sources */,
				AD66F7CD1933B2E8005A31BE /* Menu.m in Sources */,
				E9F097691E007CD200C6A464 /* BoletoFormViewController.m in Sources */,
				ADB2DCBC19375F0E0068417F /* Items.m in Sources */,
				BFAC6ECC192A586B00921494 /* REFrostedViewController.m in Sources */,
			);
			runOnlyForDeploymentPostprocessing = 0;
		};
		BFAC6E99192A54E100921494 /* Sources */ = {
			isa = PBXSourcesBuildPhase;
			buildActionMask = 2147483647;
			files = (
				BFAC6EAB192A54E100921494 /* Cardapio_USPTests.m in Sources */,
			);
			runOnlyForDeploymentPostprocessing = 0;
		};
/* End PBXSourcesBuildPhase section */

/* Begin PBXTargetDependency section */
		BFAC6EA3192A54E100921494 /* PBXTargetDependency */ = {
			isa = PBXTargetDependency;
			target = BFAC6E78192A54E100921494 /* Cardapio USP */;
			targetProxy = BFAC6EA2192A54E100921494 /* PBXContainerItemProxy */;
		};
/* End PBXTargetDependency section */

/* Begin PBXVariantGroup section */
		BFAC6E8E192A54E100921494 /* Main_iPhone.storyboard */ = {
			isa = PBXVariantGroup;
			children = (
				BFAC6E8F192A54E100921494 /* Base */,
			);
			name = Main_iPhone.storyboard;
			sourceTree = "<group>";
		};
		BFAC6E91192A54E100921494 /* Main_iPad.storyboard */ = {
			isa = PBXVariantGroup;
			children = (
				BFAC6E92192A54E100921494 /* Base */,
			);
			name = Main_iPad.storyboard;
			sourceTree = "<group>";
		};
		BFAC6EA7192A54E100921494 /* InfoPlist.strings */ = {
			isa = PBXVariantGroup;
			children = (
				BFAC6EA8192A54E100921494 /* en */,
			);
			name = InfoPlist.strings;
			sourceTree = "<group>";
		};
/* End PBXVariantGroup section */

/* Begin XCBuildConfiguration section */
		BFAC6EAC192A54E100921494 /* Debug */ = {
			isa = XCBuildConfiguration;
			buildSettings = {
				ALWAYS_SEARCH_USER_PATHS = NO;
				CLANG_ANALYZER_LOCALIZABILITY_NONLOCALIZED = YES;
				CLANG_CXX_LANGUAGE_STANDARD = "gnu++0x";
				CLANG_CXX_LIBRARY = "libc++";
				CLANG_ENABLE_MODULES = YES;
				CLANG_ENABLE_OBJC_ARC = YES;
				CLANG_WARN_BLOCK_CAPTURE_AUTORELEASING = YES;
				CLANG_WARN_BOOL_CONVERSION = YES;
				CLANG_WARN_COMMA = YES;
				CLANG_WARN_CONSTANT_CONVERSION = YES;
				CLANG_WARN_DEPRECATED_OBJC_IMPLEMENTATIONS = YES;
				CLANG_WARN_DIRECT_OBJC_ISA_USAGE = YES_ERROR;
				CLANG_WARN_EMPTY_BODY = YES;
				CLANG_WARN_ENUM_CONVERSION = YES;
				CLANG_WARN_INFINITE_RECURSION = YES;
				CLANG_WARN_INT_CONVERSION = YES;
				CLANG_WARN_NON_LITERAL_NULL_CONVERSION = YES;
				CLANG_WARN_OBJC_IMPLICIT_RETAIN_SELF = YES;
				CLANG_WARN_OBJC_LITERAL_CONVERSION = YES;
				CLANG_WARN_OBJC_ROOT_CLASS = YES_ERROR;
				CLANG_WARN_QUOTED_INCLUDE_IN_FRAMEWORK_HEADER = YES;
				CLANG_WARN_RANGE_LOOP_ANALYSIS = YES;
				CLANG_WARN_STRICT_PROTOTYPES = YES;
				CLANG_WARN_SUSPICIOUS_MOVE = YES;
				CLANG_WARN_UNREACHABLE_CODE = YES;
				CLANG_WARN__DUPLICATE_METHOD_MATCH = YES;
				"CODE_SIGN_IDENTITY[sdk=iphoneos*]" = "iPhone Developer";
				COPY_PHASE_STRIP = NO;
				ENABLE_STRICT_OBJC_MSGSEND = YES;
				ENABLE_TESTABILITY = YES;
				EXCLUDED_ARCHS = "";
				GCC_C_LANGUAGE_STANDARD = gnu99;
				GCC_DYNAMIC_NO_PIC = NO;
				GCC_NO_COMMON_BLOCKS = YES;
				GCC_OPTIMIZATION_LEVEL = 0;
				GCC_PREPROCESSOR_DEFINITIONS = (
					"DEBUG=1",
					"$(inherited)",
				);
				GCC_SYMBOLS_PRIVATE_EXTERN = NO;
				GCC_WARN_64_TO_32_BIT_CONVERSION = YES;
				GCC_WARN_ABOUT_RETURN_TYPE = YES_ERROR;
				GCC_WARN_UNDECLARED_SELECTOR = YES;
				GCC_WARN_UNINITIALIZED_AUTOS = YES_AGGRESSIVE;
				GCC_WARN_UNUSED_FUNCTION = YES;
				GCC_WARN_UNUSED_VARIABLE = YES;
				IPHONEOS_DEPLOYMENT_TARGET = 13.0;
				LIBRARY_SEARCH_PATHS = "$(inherited)";
				ONLY_ACTIVE_ARCH = YES;
				PROVISIONING_PROFILE = "c1d53b8b-73b8-4a58-8e1e-3b1c1535aa5e";
				SDKROOT = iphoneos;
				TARGETED_DEVICE_FAMILY = "1,2";
				VALID_ARCHS = "$(ARCHS_STANDARD)";
			};
			name = Debug;
		};
		BFAC6EAD192A54E100921494 /* Release */ = {
			isa = XCBuildConfiguration;
			buildSettings = {
				ALWAYS_SEARCH_USER_PATHS = NO;
				CLANG_ANALYZER_LOCALIZABILITY_NONLOCALIZED = YES;
				CLANG_CXX_LANGUAGE_STANDARD = "gnu++0x";
				CLANG_CXX_LIBRARY = "libc++";
				CLANG_ENABLE_MODULES = YES;
				CLANG_ENABLE_OBJC_ARC = YES;
				CLANG_WARN_BLOCK_CAPTURE_AUTORELEASING = YES;
				CLANG_WARN_BOOL_CONVERSION = YES;
				CLANG_WARN_COMMA = YES;
				CLANG_WARN_CONSTANT_CONVERSION = YES;
				CLANG_WARN_DEPRECATED_OBJC_IMPLEMENTATIONS = YES;
				CLANG_WARN_DIRECT_OBJC_ISA_USAGE = YES_ERROR;
				CLANG_WARN_EMPTY_BODY = YES;
				CLANG_WARN_ENUM_CONVERSION = YES;
				CLANG_WARN_INFINITE_RECURSION = YES;
				CLANG_WARN_INT_CONVERSION = YES;
				CLANG_WARN_NON_LITERAL_NULL_CONVERSION = YES;
				CLANG_WARN_OBJC_IMPLICIT_RETAIN_SELF = YES;
				CLANG_WARN_OBJC_LITERAL_CONVERSION = YES;
				CLANG_WARN_OBJC_ROOT_CLASS = YES_ERROR;
				CLANG_WARN_QUOTED_INCLUDE_IN_FRAMEWORK_HEADER = YES;
				CLANG_WARN_RANGE_LOOP_ANALYSIS = YES;
				CLANG_WARN_STRICT_PROTOTYPES = YES;
				CLANG_WARN_SUSPICIOUS_MOVE = YES;
				CLANG_WARN_UNREACHABLE_CODE = YES;
				CLANG_WARN__DUPLICATE_METHOD_MATCH = YES;
				"CODE_SIGN_IDENTITY[sdk=iphoneos*]" = "iPhone Distribution: Universidade de São Paulo (SYF585KJR7)";
				COPY_PHASE_STRIP = YES;
				ENABLE_NS_ASSERTIONS = NO;
				ENABLE_STRICT_OBJC_MSGSEND = YES;
				EXCLUDED_ARCHS = "";
				GCC_C_LANGUAGE_STANDARD = gnu99;
				GCC_NO_COMMON_BLOCKS = YES;
				GCC_WARN_64_TO_32_BIT_CONVERSION = YES;
				GCC_WARN_ABOUT_RETURN_TYPE = YES_ERROR;
				GCC_WARN_UNDECLARED_SELECTOR = YES;
				GCC_WARN_UNINITIALIZED_AUTOS = YES_AGGRESSIVE;
				GCC_WARN_UNUSED_FUNCTION = YES;
				GCC_WARN_UNUSED_VARIABLE = YES;
				IPHONEOS_DEPLOYMENT_TARGET = 13.0;
				LIBRARY_SEARCH_PATHS = "$(inherited)";
				ONLY_ACTIVE_ARCH = YES;
				PROVISIONING_PROFILE = "ce355316-16b1-4de8-b0da-d380e9e3ef30";
				SDKROOT = iphoneos;
				TARGETED_DEVICE_FAMILY = "1,2";
				VALIDATE_PRODUCT = YES;
				VALID_ARCHS = "$(ARCHS_STANDARD)";
			};
			name = Release;
		};
		BFAC6EAF192A54E100921494 /* Debug */ = {
			isa = XCBuildConfiguration;
			baseConfigurationReference = 49738C0A9EE8685EF1886E0C /* Pods-Cardapio USP.debug.xcconfig */;
			buildSettings = {
				ASSETCATALOG_COMPILER_APPICON_NAME = AppIcon;
				ASSETCATALOG_COMPILER_LAUNCHIMAGE_NAME = LaunchImage;
				CODE_SIGN_IDENTITY = "iPhone Developer";
				"CODE_SIGN_IDENTITY[sdk=iphoneos*]" = "iPhone Developer";
				CURRENT_PROJECT_VERSION = 74;
				DEVELOPMENT_TEAM = SYF585KJR7;
				EXCLUDED_ARCHS = x86_64;
				FRAMEWORK_SEARCH_PATHS = "$(inherited)";
				GCC_PRECOMPILE_PREFIX_HEADER = YES;
				GCC_PREFIX_HEADER = "Cardapio USP/Cardapio USP-Prefix.pch";
				INFOPLIST_FILE = "Cardapio USP/Cardapio USP-Info.plist";
				INFOPLIST_KEY_LSApplicationCategoryType = "public.app-category.utilities";
				IPHONEOS_DEPLOYMENT_TARGET = 13.0;
				LIBRARY_SEARCH_PATHS = "$(inherited)";
				MARKETING_VERSION = 3.1.6;
				ONLY_ACTIVE_ARCH = YES;
				OTHER_LDFLAGS = (
					"$(inherited)",
					"-ObjC",
				);
				PRODUCT_BUNDLE_IDENTIFIER = "br.com.solveng.$(PRODUCT_NAME:rfc1034identifier)";
				PRODUCT_NAME = "$(TARGET_NAME)";
				PROVISIONING_PROFILE = "";
				PROVISIONING_PROFILE_SPECIFIER = "";
				TARGETED_DEVICE_FAMILY = 1;
				VALID_ARCHS = "$(ARCHS_STANDARD)";
				WRAPPER_EXTENSION = app;
			};
			name = Debug;
		};
		BFAC6EB0192A54E100921494 /* Release */ = {
			isa = XCBuildConfiguration;
			baseConfigurationReference = D181144EAFC6742001652012 /* Pods-Cardapio USP.release.xcconfig */;
			buildSettings = {
				ASSETCATALOG_COMPILER_APPICON_NAME = AppIcon;
				ASSETCATALOG_COMPILER_LAUNCHIMAGE_NAME = LaunchImage;
				CODE_SIGN_IDENTITY = "iPhone Distribution";
				"CODE_SIGN_IDENTITY[sdk=iphoneos*]" = "iPhone Developer";
				CURRENT_PROJECT_VERSION = 74;
				DEVELOPMENT_TEAM = SYF585KJR7;
				EXCLUDED_ARCHS = "";
				FRAMEWORK_SEARCH_PATHS = "$(inherited)";
				GCC_PRECOMPILE_PREFIX_HEADER = YES;
				GCC_PREFIX_HEADER = "Cardapio USP/Cardapio USP-Prefix.pch";
				INFOPLIST_FILE = "Cardapio USP/Cardapio USP-Info.plist";
				INFOPLIST_KEY_LSApplicationCategoryType = "public.app-category.utilities";
				IPHONEOS_DEPLOYMENT_TARGET = 13.0;
				LIBRARY_SEARCH_PATHS = "$(inherited)";
				MARKETING_VERSION = 3.1.6;
				ONLY_ACTIVE_ARCH = YES;
				OTHER_LDFLAGS = (
					"$(inherited)",
					"-ObjC",
				);
				PRODUCT_BUNDLE_IDENTIFIER = "br.com.solveng.$(PRODUCT_NAME:rfc1034identifier)";
				PRODUCT_NAME = "$(TARGET_NAME)";
				PROVISIONING_PROFILE = "";
				PROVISIONING_PROFILE_SPECIFIER = "";
				TARGETED_DEVICE_FAMILY = 1;
				VALID_ARCHS = "$(ARCHS_STANDARD)";
				WRAPPER_EXTENSION = app;
			};
			name = Release;
		};
		BFAC6EB2192A54E100921494 /* Debug */ = {
			isa = XCBuildConfiguration;
			baseConfigurationReference = 44BEDA2F17EC17B8BE66E9F5 /* Pods-Cardapio USPTests.debug.xcconfig */;
			buildSettings = {
				BUNDLE_LOADER = "$(BUILT_PRODUCTS_DIR)/Cardapio USP.app/Cardapio USP";
				CODE_SIGN_IDENTITY = "iPhone Developer";
				"CODE_SIGN_IDENTITY[sdk=iphoneos*]" = "iPhone Developer";
				FRAMEWORK_SEARCH_PATHS = (
					"$(SDKROOT)/Developer/Library/Frameworks",
					"$(inherited)",
					"$(DEVELOPER_FRAMEWORKS_DIR)",
				);
				GCC_PRECOMPILE_PREFIX_HEADER = YES;
				GCC_PREFIX_HEADER = "Cardapio USP/Cardapio USP-Prefix.pch";
				GCC_PREPROCESSOR_DEFINITIONS = (
					"DEBUG=1",
					"$(inherited)",
				);
				INFOPLIST_FILE = "Cardapio USPTests/Cardapio USPTests-Info.plist";
				PRODUCT_BUNDLE_IDENTIFIER = "br.usp.${PRODUCT_NAME:rfc1034identifier}";
				PRODUCT_NAME = "$(TARGET_NAME)";
				PROVISIONING_PROFILE = "";
				TEST_HOST = "$(BUNDLE_LOADER)";
				WRAPPER_EXTENSION = xctest;
			};
			name = Debug;
		};
		BFAC6EB3192A54E100921494 /* Release */ = {
			isa = XCBuildConfiguration;
			baseConfigurationReference = 79727ED40BC6FB7E8DC61587 /* Pods-Cardapio USPTests.release.xcconfig */;
			buildSettings = {
				BUNDLE_LOADER = "$(BUILT_PRODUCTS_DIR)/Cardapio USP.app/Cardapio USP";
				CODE_SIGN_IDENTITY = "iPhone Developer";
				"CODE_SIGN_IDENTITY[sdk=iphoneos*]" = "iPhone Developer";
				FRAMEWORK_SEARCH_PATHS = (
					"$(SDKROOT)/Developer/Library/Frameworks",
					"$(inherited)",
					"$(DEVELOPER_FRAMEWORKS_DIR)",
				);
				GCC_PRECOMPILE_PREFIX_HEADER = YES;
				GCC_PREFIX_HEADER = "Cardapio USP/Cardapio USP-Prefix.pch";
				INFOPLIST_FILE = "Cardapio USPTests/Cardapio USPTests-Info.plist";
				PRODUCT_BUNDLE_IDENTIFIER = "br.usp.${PRODUCT_NAME:rfc1034identifier}";
				PRODUCT_NAME = "$(TARGET_NAME)";
				PROVISIONING_PROFILE = "";
				TEST_HOST = "$(BUNDLE_LOADER)";
				WRAPPER_EXTENSION = xctest;
			};
			name = Release;
		};
/* End XCBuildConfiguration section */

/* Begin XCConfigurationList section */
		BFAC6E74192A54E100921494 /* Build configuration list for PBXProject "Cardapio USP" */ = {
			isa = XCConfigurationList;
			buildConfigurations = (
				BFAC6EAC192A54E100921494 /* Debug */,
				BFAC6EAD192A54E100921494 /* Release */,
			);
			defaultConfigurationIsVisible = 0;
			defaultConfigurationName = Release;
		};
		BFAC6EAE192A54E100921494 /* Build configuration list for PBXNativeTarget "Cardapio USP" */ = {
			isa = XCConfigurationList;
			buildConfigurations = (
				BFAC6EAF192A54E100921494 /* Debug */,
				BFAC6EB0192A54E100921494 /* Release */,
			);
			defaultConfigurationIsVisible = 0;
			defaultConfigurationName = Release;
		};
		BFAC6EB1192A54E100921494 /* Build configuration list for PBXNativeTarget "Cardapio USPTests" */ = {
			isa = XCConfigurationList;
			buildConfigurations = (
				BFAC6EB2192A54E100921494 /* Debug */,
				BFAC6EB3192A54E100921494 /* Release */,
			);
			defaultConfigurationIsVisible = 0;
			defaultConfigurationName = Release;
		};
/* End XCConfigurationList section */
	};
	rootObject = BFAC6E71192A54E100921494 /* Project object */;
}
